# DO NOT MODIFY WITHOUT TEAM APPROVAL
# Last updated: 2025-01-20
# This file locks ALL tool versions for the project

# Core Languages
PYTHON_VERSION=3.10.12
NODE_VERSION=18.20.2
GO_VERSION=1.21.5

# Infrastructure Tools
PULUMI_VERSION=3.88.0
DOCKER_VERSION=24.0.7
DOCKER_COMPOSE_VERSION=2.23.3
TERRAFORM_VERSION=1.5.7
GCLOUD_VERSION=455.0.0

# Python Package Versions (Critical)
FASTAPI_VERSION=0.115.12
PYDANTIC_VERSION=2.11.4
SQLALCHEMY_VERSION=2.0.30
LITELLM_VERSION=1.70.4

# Development Tools
BLACK_VERSION=24.4.2
MYPY_VERSION=1.8.0
FLAKE8_VERSION=7.0.0
PRECOMMIT_VERSION=3.5.0
PYTEST_VERSION=7.4.3

# OS Requirements
UBUNTU_VERSION=20.04
DEBIAN_VERSION=bullseye

# Container Base Images
PYTHON_BASE_IMAGE=python:3.10.12-slim-bullseye
NODE_BASE_IMAGE=node:18.20.2-alpine3.18
PULUMI_BASE_IMAGE=pulumi/pulumi:3.88.0
