{
  "version": 4,
  "terraform_version": "1.11.4",
  "serial": 118,
  "lineage": "76c582e6-c21c-baa6-d2d9-5cdc8b33bf12",
  "outputs": {
    "connection_details": {
      "value": "{\"redis\":{\"host\":\"10.0.0.3\",\"password_secret\":\"projects/104944497835/secrets/redis-auth-dev\",\"port\":6379}}",
      "type": "string",
      "sensitive": true
    },
    "managed_secrets": {
      "value": {
        "gcp_secrets": {
          "gcp-client-secret": "projects/104944497835/secrets/gcp-client-secret-dev/versions/latest",
          "gcp-service-account-key": "projects/104944497835/secrets/gcp-service-account-key-dev/versions/latest",
          "vertex-agent-key": "projects/104944497835/secrets/vertex-agent-key-dev/versions/latest"
        },
        "llm_api_keys": {
          "anthropic-api-key": "projects/104944497835/secrets/anthropic-api-key-dev/versions/latest",
          "cohere-api-key": "projects/104944497835/secrets/cohere-api-key-dev/versions/latest",
          "deepseek-api-key": "projects/104944497835/secrets/deepseek-api-key-dev/versions/latest",
          "eleven-labs-api-key": "projects/104944497835/secrets/eleven-labs-api-key-dev/versions/latest",
          "huggingface-api-token": "projects/104944497835/secrets/huggingface-api-token-dev/versions/latest",
          "mistral-api-key": "projects/104944497835/secrets/mistral-api-key-dev/versions/latest",
          "openai-api-key": "projects/104944497835/secrets/openai-api-key-dev/versions/latest",
          "openrouter-api-key": "projects/104944497835/secrets/openrouter-api-key-dev/versions/latest",
          "perplexity-api-key": "projects/104944497835/secrets/perplexity-api-key-dev/versions/latest",
          "together-ai-api-key": "projects/104944497835/secrets/together-ai-api-key-dev/versions/latest"
        },
        "secret_accessor_service_account": "orchestra-secret-accessor-dev@agi-baby-cherry.iam.gserviceaccount.com",
        "tools_api_keys": {
          "apify-api-token": "projects/104944497835/secrets/apify-api-token-dev/versions/latest",
          "apollo-io-api-key": "projects/104944497835/secrets/apollo-io-api-key-dev/versions/latest",
          "brave-api-key": "projects/104944497835/secrets/brave-api-key-dev/versions/latest",
          "eden-ai-api-key": "projects/104944497835/secrets/eden-ai-api-key-dev/versions/latest",
          "exa-api-key": "projects/104944497835/secrets/exa-api-key-dev/versions/latest",
          "langsmith-api-key": "projects/104944497835/secrets/langsmith-api-key-dev/versions/latest",
          "notion-api-key": "projects/104944497835/secrets/notion-api-key-dev/versions/latest",
          "phantom-buster-api-key": "projects/104944497835/secrets/phantom-buster-api-key-dev/versions/latest",
          "pinecone-api-key": "projects/104944497835/secrets/pinecone-api-key-dev/versions/latest",
          "portkey-api-key": "projects/104944497835/secrets/portkey-api-key-dev/versions/latest",
          "sourcegraph-access-token": "projects/104944497835/secrets/sourcegraph-access-token-dev/versions/latest",
          "tavily-api-key": "projects/104944497835/secrets/tavily-api-key-dev/versions/latest",
          "twingly-api-key": "projects/104944497835/secrets/twingly-api-key-dev/versions/latest",
          "zenrows-api-key": "projects/104944497835/secrets/zenrows-api-key-dev/versions/latest"
        }
      },
      "type": [
        "object",
        {
          "gcp_secrets": [
            "object",
            {
              "gcp-client-secret": "string",
              "gcp-service-account-key": "string",
              "vertex-agent-key": "string"
            }
          ],
          "llm_api_keys": [
            "object",
            {
              "anthropic-api-key": "string",
              "cohere-api-key": "string",
              "deepseek-api-key": "string",
              "eleven-labs-api-key": "string",
              "huggingface-api-token": "string",
              "mistral-api-key": "string",
              "openai-api-key": "string",
              "openrouter-api-key": "string",
              "perplexity-api-key": "string",
              "together-ai-api-key": "string"
            }
          ],
          "secret_accessor_service_account": "string",
          "tools_api_keys": [
            "object",
            {
              "apify-api-token": "string",
              "apollo-io-api-key": "string",
              "brave-api-key": "string",
              "eden-ai-api-key": "string",
              "exa-api-key": "string",
              "langsmith-api-key": "string",
              "notion-api-key": "string",
              "phantom-buster-api-key": "string",
              "pinecone-api-key": "string",
              "portkey-api-key": "string",
              "sourcegraph-access-token": "string",
              "tavily-api-key": "string",
              "twingly-api-key": "string",
              "zenrows-api-key": "string"
            }
          ]
        }
      ],
      "sensitive": true
    },
    "postgresql_connection": {
      "value": {
        "database": "phidata_memory",
        "instance_connection_name": "agi-baby-cherry:us-central1:phidata-postgres-dev",
        "password_secret": "projects/104944497835/secrets/postgres-password-dev",
        "username": "phidata_user"
      },
      "type": [
        "object",
        {
          "database": "string",
          "instance_connection_name": "string",
          "password_secret": "string",
          "username": "string"
        }
      ],
      "sensitive": true
    },
    "service_urls": {
      "value": {},
      "type": [
        "map",
        "dynamic"
      ]
    },
    "vpc_connector_name": {
      "value": "orchestrator-vpc-dev",
      "type": "string"
    }
  },
  "resources": [
    {
      "mode": "managed",
      "type": "google_cloud_run_v2_service",
      "name": "orchestra_api",
      "provider": "provider[\"registry.terraform.io/hashicorp/google\"]",
      "instances": [
        {
          "index_key": 0,
          "status": "tainted",
          "schema_version": 0,
          "attributes": {
            "annotations": null,
            "binary_authorization": [],
            "build_config": [],
            "client": null,
            "client_version": null,
            "conditions": null,
            "create_time": null,
            "creator": null,
            "custom_audiences": null,
            "delete_time": null,
            "deletion_protection": false,
            "description": null,
            "effective_annotations": null,
            "effective_labels": {
              "goog-terraform-provisioned": "true"
            },
            "etag": null,
            "expire_time": null,
            "generation": null,
            "id": "projects/agi-baby-cherry/locations/us-central1/services/orchestra-api-dev",
            "ingress": null,
            "invoker_iam_disabled": null,
            "labels": null,
            "last_modifier": null,
            "latest_created_revision": null,
            "latest_ready_revision": null,
            "launch_stage": null,
            "location": "us-central1",
            "name": "orchestra-api-dev",
            "observed_generation": null,
            "project": "agi-baby-cherry",
            "reconciling": null,
            "scaling": [],
            "template": [
              {
                "annotations": null,
                "containers": [
                  {
                    "args": null,
                    "base_image_uri": "",
                    "build_info": [],
                    "command": null,
                    "depends_on": null,
                    "env": [
                      {
                        "name": "ENVIRONMENT",
                        "value": "dev",
                        "value_source": []
                      },
                      {
                        "name": "POSTGRES_DB",
                        "value": "phidata_memory",
                        "value_source": []
                      },
                      {
                        "name": "POSTGRES_HOST",
                        "value": "/cloudsql/agi-baby-cherry:us-central1:phidata-postgres-dev",
                        "value_source": []
                      },
                      {
                        "name": "POSTGRES_PASSWORD",
                        "value": "",
                        "value_source": [
                          {
                            "secret_key_ref": [
                              {
                                "secret": "projects/agi-baby-cherry/secrets/postgres-password-dev",
                                "version": "latest"
                              }
                            ]
                          }
                        ]
                      },
                      {
                        "name": "POSTGRES_USER",
                        "value": "phidata_user",
                        "value_source": []
                      },
                      {
                        "name": "REDIS_HOST",
                        "value": "10.0.0.3",
                        "value_source": []
                      },
                      {
                        "name": "REDIS_PASSWORD",
                        "value": "",
                        "value_source": [
                          {
                            "secret_key_ref": [
                              {
                                "secret": "projects/agi-baby-cherry/secrets/redis-auth-dev",
                                "version": "latest"
                              }
                            ]
                          }
                        ]
                      },
                      {
                        "name": "REDIS_PORT",
                        "value": "6379",
                        "value_source": []
                      }
                    ],
                    "image": "us-docker.pkg.dev/cloudrun/container/hello",
                    "liveness_probe": [],
                    "name": "",
                    "ports": [
                      {
                        "container_port": 8080,
                        "name": ""
                      }
                    ],
                    "resources": [],
                    "startup_probe": [],
                    "volume_mounts": [
                      {
                        "mount_path": "/cloudsql",
                        "name": "cloudsql"
                      }
                    ],
                    "working_dir": ""
                  }
                ],
                "encryption_key": "",
                "execution_environment": "",
                "gpu_zonal_redundancy_disabled": false,
                "labels": null,
                "max_instance_request_concurrency": 0,
                "node_selector": [],
                "revision": "",
                "scaling": [],
                "service_account": "orchestra-cloud-run-dev@agi-baby-cherry.iam.gserviceaccount.com",
                "session_affinity": false,
                "timeout": "",
                "volumes": [
                  {
                    "cloud_sql_instance": [
                      {
                        "instances": [
                          "agi-baby-cherry:us-central1:phidata-postgres-dev"
                        ]
                      }
                    ],
                    "empty_dir": [],
                    "gcs": [],
                    "name": "cloudsql",
                    "nfs": [],
                    "secret": []
                  }
                ],
                "vpc_access": [
                  {
                    "connector": "projects/agi-baby-cherry/locations/us-central1/connectors/orchestrator-vpc-dev",
                    "egress": "PRIVATE_RANGES_ONLY",
                    "network_interfaces": []
                  }
                ]
              }
            ],
            "terminal_condition": null,
            "terraform_labels": {
              "goog-terraform-provisioned": "true"
            },
            "timeouts": null,
            "traffic": [
              {
                "percent": 100,
                "revision": "",
                "tag": "",
                "type": "TRAFFIC_TARGET_ALLOCATION_TYPE_LATEST"
              }
            ],
            "traffic_statuses": null,
            "uid": null,
            "update_time": null,
            "uri": null,
            "urls": null
          },
          "sensitive_attributes": [],
          "private": "eyJlMmJmYjczMC1lY2FhLTExZTYtOGY4OC0zNDM2M2JjN2M0YzAiOnsiY3JlYXRlIjoxMjAwMDAwMDAwMDAwLCJkZWxldGUiOjEyMDAwMDAwMDAwMDAsInVwZGF0ZSI6MTIwMDAwMDAwMDAwMH19",
          "dependencies": [
            "google_project_service.required_apis",
            "google_redis_instance.cache",
            "google_secret_manager_secret.postgres_password",
            "google_secret_manager_secret.redis_auth",
            "google_service_account.cloud_run_identity",
            "google_sql_database.phidata_memory",
            "google_sql_database_instance.phidata_postgres",
            "google_sql_user.phidata_user",
            "google_vpc_access_connector.orchestra_connector",
            "random_password.postgres_password"
          ]
        }
      ]
    },
    {
      "mode": "managed",
      "type": "google_project_iam_member",
      "name": "cloud_sql_client",
      "provider": "provider[\"registry.terraform.io/hashicorp/google\"]",
      "instances": [
        {
          "schema_version": 0,
          "attributes": {
            "condition": [],
            "etag": "BwYzwKZThUY=",
            "id": "agi-baby-cherry/roles/cloudsql.client/serviceAccount:orchestra-cloud-run-dev@agi-baby-cherry.iam.gserviceaccount.com",
            "member": "serviceAccount:orchestra-cloud-run-dev@agi-baby-cherry.iam.gserviceaccount.com",
            "project": "agi-baby-cherry",
            "role": "roles/cloudsql.client"
          },
          "sensitive_attributes": [],
          "private": "bnVsbA==",
          "dependencies": [
            "google_service_account.cloud_run_identity"
          ]
        }
      ]
    },
    {
      "mode": "managed",
      "type": "google_project_service",
      "name": "required_apis",
      "provider": "provider[\"registry.terraform.io/hashicorp/google\"]",
      "instances": [
        {
          "index_key": "aiplatform.googleapis.com",
          "schema_version": 0,
          "attributes": {
            "disable_dependent_services": false,
            "disable_on_destroy": false,
            "id": "agi-baby-cherry/aiplatform.googleapis.com",
            "project": "agi-baby-cherry",
            "service": "aiplatform.googleapis.com",
            "timeouts": null
          },
          "sensitive_attributes": [],
          "private": "eyJlMmJmYjczMC1lY2FhLTExZTYtOGY4OC0zNDM2M2JjN2M0YzAiOnsiY3JlYXRlIjoxMjAwMDAwMDAwMDAwLCJkZWxldGUiOjEyMDAwMDAwMDAwMDAsInJlYWQiOjYwMDAwMDAwMDAwMCwidXBkYXRlIjoxMjAwMDAwMDAwMDAwfX0="
        },
        {
          "index_key": "artifactregistry.googleapis.com",
          "schema_version": 0,
          "attributes": {
            "disable_dependent_services": false,
            "disable_on_destroy": false,
            "id": "agi-baby-cherry/artifactregistry.googleapis.com",
            "project": "agi-baby-cherry",
            "service": "artifactregistry.googleapis.com",
            "timeouts": null
          },
          "sensitive_attributes": [],
          "private": "eyJlMmJmYjczMC1lY2FhLTExZTYtOGY4OC0zNDM2M2JjN2M0YzAiOnsiY3JlYXRlIjoxMjAwMDAwMDAwMDAwLCJkZWxldGUiOjEyMDAwMDAwMDAwMDAsInJlYWQiOjYwMDAwMDAwMDAwMCwidXBkYXRlIjoxMjAwMDAwMDAwMDAwfX0="
        },
        {
          "index_key": "cloudbuild.googleapis.com",
          "schema_version": 0,
          "attributes": {
            "disable_dependent_services": false,
            "disable_on_destroy": false,
            "id": "agi-baby-cherry/cloudbuild.googleapis.com",
            "project": "agi-baby-cherry",
            "service": "cloudbuild.googleapis.com",
            "timeouts": null
          },
          "sensitive_attributes": [],
          "private": "eyJlMmJmYjczMC1lY2FhLTExZTYtOGY4OC0zNDM2M2JjN2M0YzAiOnsiY3JlYXRlIjoxMjAwMDAwMDAwMDAwLCJkZWxldGUiOjEyMDAwMDAwMDAwMDAsInJlYWQiOjYwMDAwMDAwMDAwMCwidXBkYXRlIjoxMjAwMDAwMDAwMDAwfX0="
        },
        {
          "index_key": "compute.googleapis.com",
          "schema_version": 0,
          "attributes": {
            "disable_dependent_services": false,
            "disable_on_destroy": false,
            "id": "agi-baby-cherry/compute.googleapis.com",
            "project": "agi-baby-cherry",
            "service": "compute.googleapis.com",
            "timeouts": null
          },
          "sensitive_attributes": [],
          "private": "eyJlMmJmYjczMC1lY2FhLTExZTYtOGY4OC0zNDM2M2JjN2M0YzAiOnsiY3JlYXRlIjoxMjAwMDAwMDAwMDAwLCJkZWxldGUiOjEyMDAwMDAwMDAwMDAsInJlYWQiOjYwMDAwMDAwMDAwMCwidXBkYXRlIjoxMjAwMDAwMDAwMDAwfX0="
        },
        {
          "index_key": "firestore.googleapis.com",
          "schema_version": 0,
          "attributes": {
            "disable_dependent_services": false,
            "disable_on_destroy": false,
            "id": "agi-baby-cherry/firestore.googleapis.com",
            "project": "agi-baby-cherry",
            "service": "firestore.googleapis.com",
            "timeouts": null
          },
          "sensitive_attributes": [],
          "private": "eyJlMmJmYjczMC1lY2FhLTExZTYtOGY4OC0zNDM2M2JjN2M0YzAiOnsiY3JlYXRlIjoxMjAwMDAwMDAwMDAwLCJkZWxldGUiOjEyMDAwMDAwMDAwMDAsInJlYWQiOjYwMDAwMDAwMDAwMCwidXBkYXRlIjoxMjAwMDAwMDAwMDAwfX0="
        },
        {
          "index_key": "redis.googleapis.com",
          "schema_version": 0,
          "attributes": {
            "disable_dependent_services": false,
            "disable_on_destroy": false,
            "id": "agi-baby-cherry/redis.googleapis.com",
            "project": "agi-baby-cherry",
            "service": "redis.googleapis.com",
            "timeouts": null
          },
          "sensitive_attributes": [],
          "private": "eyJlMmJmYjczMC1lY2FhLTExZTYtOGY4OC0zNDM2M2JjN2M0YzAiOnsiY3JlYXRlIjoxMjAwMDAwMDAwMDAwLCJkZWxldGUiOjEyMDAwMDAwMDAwMDAsInJlYWQiOjYwMDAwMDAwMDAwMCwidXBkYXRlIjoxMjAwMDAwMDAwMDAwfX0="
        },
        {
          "index_key": "run.googleapis.com",
          "schema_version": 0,
          "attributes": {
            "disable_dependent_services": false,
            "disable_on_destroy": false,
            "id": "agi-baby-cherry/run.googleapis.com",
            "project": "agi-baby-cherry",
            "service": "run.googleapis.com",
            "timeouts": null
          },
          "sensitive_attributes": [],
          "private": "eyJlMmJmYjczMC1lY2FhLTExZTYtOGY4OC0zNDM2M2JjN2M0YzAiOnsiY3JlYXRlIjoxMjAwMDAwMDAwMDAwLCJkZWxldGUiOjEyMDAwMDAwMDAwMDAsInJlYWQiOjYwMDAwMDAwMDAwMCwidXBkYXRlIjoxMjAwMDAwMDAwMDAwfX0="
        },
        {
          "index_key": "secretmanager.googleapis.com",
          "schema_version": 0,
          "attributes": {
            "disable_dependent_services": false,
            "disable_on_destroy": false,
            "id": "agi-baby-cherry/secretmanager.googleapis.com",
            "project": "agi-baby-cherry",
            "service": "secretmanager.googleapis.com",
            "timeouts": null
          },
          "sensitive_attributes": [],
          "private": "eyJlMmJmYjczMC1lY2FhLTExZTYtOGY4OC0zNDM2M2JjN2M0YzAiOnsiY3JlYXRlIjoxMjAwMDAwMDAwMDAwLCJkZWxldGUiOjEyMDAwMDAwMDAwMDAsInJlYWQiOjYwMDAwMDAwMDAwMCwidXBkYXRlIjoxMjAwMDAwMDAwMDAwfX0="
        },
        {
          "index_key": "sqladmin.googleapis.com",
          "schema_version": 0,
          "attributes": {
            "disable_dependent_services": false,
            "disable_on_destroy": false,
            "id": "agi-baby-cherry/sqladmin.googleapis.com",
            "project": "agi-baby-cherry",
            "service": "sqladmin.googleapis.com",
            "timeouts": null
          },
          "sensitive_attributes": [],
          "private": "eyJlMmJmYjczMC1lY2FhLTExZTYtOGY4OC0zNDM2M2JjN2M0YzAiOnsiY3JlYXRlIjoxMjAwMDAwMDAwMDAwLCJkZWxldGUiOjEyMDAwMDAwMDAwMDAsInJlYWQiOjYwMDAwMDAwMDAwMCwidXBkYXRlIjoxMjAwMDAwMDAwMDAwfX0="
        },
        {
          "index_key": "vpcaccess.googleapis.com",
          "schema_version": 0,
          "attributes": {
            "disable_dependent_services": false,
            "disable_on_destroy": false,
            "id": "agi-baby-cherry/vpcaccess.googleapis.com",
            "project": "agi-baby-cherry",
            "service": "vpcaccess.googleapis.com",
            "timeouts": null
          },
          "sensitive_attributes": [],
          "private": "eyJlMmJmYjczMC1lY2FhLTExZTYtOGY4OC0zNDM2M2JjN2M0YzAiOnsiY3JlYXRlIjoxMjAwMDAwMDAwMDAwLCJkZWxldGUiOjEyMDAwMDAwMDAwMDAsInJlYWQiOjYwMDAwMDAwMDAwMCwidXBkYXRlIjoxMjAwMDAwMDAwMDAwfX0="
        }
      ]
    },
    {
      "mode": "managed",
      "type": "google_redis_instance",
      "name": "cache",
      "provider": "provider[\"registry.terraform.io/hashicorp/google\"]",
      "instances": [
        {
          "schema_version": 0,
          "attributes": {
            "alternative_location_id": "",
            "auth_enabled": false,
            "auth_string": "",
            "authorized_network": "projects/agi-baby-cherry/global/networks/default",
            "connect_mode": "DIRECT_PEERING",
            "create_time": "2025-04-27T11:29:09.690861309Z",
            "current_location_id": "us-central1-a",
            "customer_managed_key": "",
            "display_name": "Orchestra Cache",
            "effective_labels": {
              "goog-terraform-provisioned": "true"
            },
            "host": "10.0.0.3",
            "id": "projects/agi-baby-cherry/locations/us-central1/instances/orchestra-redis",
            "labels": {},
            "location_id": "us-central1-a",
            "maintenance_policy": [],
            "maintenance_schedule": [],
            "maintenance_version": "20241107_00_00",
            "memory_size_gb": 3,
            "name": "orchestra-redis",
            "nodes": [
              {
                "id": "node-0",
                "zone": "us-central1-a"
              }
            ],
            "persistence_config": [
              {
                "persistence_mode": "DISABLED",
                "rdb_next_snapshot_time": "",
                "rdb_snapshot_period": "",
                "rdb_snapshot_start_time": ""
              }
            ],
            "persistence_iam_identity": "serviceAccount:service-104944497835@cloud-redis.iam.gserviceaccount.com",
            "port": 6379,
            "project": "agi-baby-cherry",
            "read_endpoint": "",
            "read_endpoint_port": 0,
            "read_replicas_mode": "READ_REPLICAS_DISABLED",
            "redis_configs": {},
            "redis_version": "REDIS_6_X",
            "region": "us-central1",
            "replica_count": 0,
            "reserved_ip_range": "10.0.0.0/29",
            "secondary_ip_range": "",
            "server_ca_certs": [],
            "tags": null,
            "terraform_labels": {
              "goog-terraform-provisioned": "true"
            },
            "tier": "BASIC",
            "timeouts": null,
            "transit_encryption_mode": "DISABLED"
          },
          "sensitive_attributes": [],
          "private": "eyJlMmJmYjczMC1lY2FhLTExZTYtOGY4OC0zNDM2M2JjN2M0YzAiOnsiY3JlYXRlIjoxMjAwMDAwMDAwMDAwLCJkZWxldGUiOjEyMDAwMDAwMDAwMDAsInVwZGF0ZSI6MTIwMDAwMDAwMDAwMH19",
          "dependencies": [
            "google_project_service.required_apis"
          ]
        }
      ]
    },
    {
      "mode": "managed",
      "type": "google_secret_manager_secret",
      "name": "gcp_secrets",
      "provider": "provider[\"registry.terraform.io/hashicorp/google\"]",
      "instances": [
        {
          "index_key": "gcp-client-secret",
          "schema_version": 0,
          "attributes": {
            "annotations": {},
            "create_time": "2025-04-27T11:12:45.365931Z",
            "effective_annotations": {},
            "effective_labels": {
              "category": "gcp-configuration",
              "env": "dev",
              "goog-terraform-provisioned": "true"
            },
            "expire_time": "",
            "id": "projects/agi-baby-cherry/secrets/gcp-client-secret-dev",
            "labels": {
              "category": "gcp-configuration",
              "env": "dev"
            },
            "name": "projects/104944497835/secrets/gcp-client-secret-dev",
            "project": "agi-baby-cherry",
            "replication": [
              {
                "auto": [],
                "user_managed": [
                  {
                    "replicas": [
                      {
                        "customer_managed_encryption": [],
                        "location": "us-central1"
                      }
                    ]
                  }
                ]
              }
            ],
            "rotation": [],
            "secret_id": "gcp-client-secret-dev",
            "terraform_labels": {
              "category": "gcp-configuration",
              "env": "dev",
              "goog-terraform-provisioned": "true"
            },
            "timeouts": null,
            "topics": [],
            "ttl": null,
            "version_aliases": {},
            "version_destroy_ttl": ""
          },
          "sensitive_attributes": [],
          "private": "eyJlMmJmYjczMC1lY2FhLTExZTYtOGY4OC0zNDM2M2JjN2M0YzAiOnsiY3JlYXRlIjoxMjAwMDAwMDAwMDAwLCJkZWxldGUiOjEyMDAwMDAwMDAwMDAsInVwZGF0ZSI6MTIwMDAwMDAwMDAwMH19",
          "dependencies": [
            "google_project_service.required_apis"
          ]
        },
        {
          "index_key": "gcp-service-account-key",
          "schema_version": 0,
          "attributes": {
            "annotations": {},
            "create_time": "2025-04-27T11:12:46.489018Z",
            "effective_annotations": {},
            "effective_labels": {
              "category": "gcp-configuration",
              "env": "dev",
              "goog-terraform-provisioned": "true"
            },
            "expire_time": "",
            "id": "projects/agi-baby-cherry/secrets/gcp-service-account-key-dev",
            "labels": {
              "category": "gcp-configuration",
              "env": "dev"
            },
            "name": "projects/104944497835/secrets/gcp-service-account-key-dev",
            "project": "agi-baby-cherry",
            "replication": [
              {
                "auto": [],
                "user_managed": [
                  {
                    "replicas": [
                      {
                        "customer_managed_encryption": [],
                        "location": "us-central1"
                      }
                    ]
                  }
                ]
              }
            ],
            "rotation": [],
            "secret_id": "gcp-service-account-key-dev",
            "terraform_labels": {
              "category": "gcp-configuration",
              "env": "dev",
              "goog-terraform-provisioned": "true"
            },
            "timeouts": null,
            "topics": [],
            "ttl": null,
            "version_aliases": {},
            "version_destroy_ttl": ""
          },
          "sensitive_attributes": [],
          "private": "eyJlMmJmYjczMC1lY2FhLTExZTYtOGY4OC0zNDM2M2JjN2M0YzAiOnsiY3JlYXRlIjoxMjAwMDAwMDAwMDAwLCJkZWxldGUiOjEyMDAwMDAwMDAwMDAsInVwZGF0ZSI6MTIwMDAwMDAwMDAwMH19",
          "dependencies": [
            "google_project_service.required_apis"
          ]
        },
        {
          "index_key": "vertex-agent-key",
          "schema_version": 0,
          "attributes": {
            "annotations": {},
            "create_time": "2025-04-27T11:12:46.217097Z",
            "effective_annotations": {},
            "effective_labels": {
              "category": "gcp-configuration",
              "env": "dev",
              "goog-terraform-provisioned": "true"
            },
            "expire_time": "",
            "id": "projects/agi-baby-cherry/secrets/vertex-agent-key-dev",
            "labels": {
              "category": "gcp-configuration",
              "env": "dev"
            },
            "name": "projects/104944497835/secrets/vertex-agent-key-dev",
            "project": "agi-baby-cherry",
            "replication": [
              {
                "auto": [],
                "user_managed": [
                  {
                    "replicas": [
                      {
                        "customer_managed_encryption": [],
                        "location": "us-central1"
                      }
                    ]
                  }
                ]
              }
            ],
            "rotation": [],
            "secret_id": "vertex-agent-key-dev",
            "terraform_labels": {
              "category": "gcp-configuration",
              "env": "dev",
              "goog-terraform-provisioned": "true"
            },
            "timeouts": null,
            "topics": [],
            "ttl": null,
            "version_aliases": {},
            "version_destroy_ttl": ""
          },
          "sensitive_attributes": [],
          "private": "eyJlMmJmYjczMC1lY2FhLTExZTYtOGY4OC0zNDM2M2JjN2M0YzAiOnsiY3JlYXRlIjoxMjAwMDAwMDAwMDAwLCJkZWxldGUiOjEyMDAwMDAwMDAwMDAsInVwZGF0ZSI6MTIwMDAwMDAwMDAwMH19",
          "dependencies": [
            "google_project_service.required_apis"
          ]
        }
      ]
    },
    {
      "mode": "managed",
      "type": "google_secret_manager_secret",
      "name": "llm_api_keys",
      "provider": "provider[\"registry.terraform.io/hashicorp/google\"]",
      "instances": [
        {
          "index_key": "anthropic-api-key",
          "schema_version": 0,
          "attributes": {
            "annotations": {},
            "create_time": "2025-04-27T11:12:45.099675Z",
            "effective_annotations": {},
            "effective_labels": {
              "category": "llm-api-keys",
              "env": "dev",
              "goog-terraform-provisioned": "true"
            },
            "expire_time": "",
            "id": "projects/agi-baby-cherry/secrets/anthropic-api-key-dev",
            "labels": {
              "category": "llm-api-keys",
              "env": "dev"
            },
            "name": "projects/104944497835/secrets/anthropic-api-key-dev",
            "project": "agi-baby-cherry",
            "replication": [
              {
                "auto": [],
                "user_managed": [
                  {
                    "replicas": [
                      {
                        "customer_managed_encryption": [],
                        "location": "us-central1"
                      }
                    ]
                  }
                ]
              }
            ],
            "rotation": [],
            "secret_id": "anthropic-api-key-dev",
            "terraform_labels": {
              "category": "llm-api-keys",
              "env": "dev",
              "goog-terraform-provisioned": "true"
            },
            "timeouts": null,
            "topics": [],
            "ttl": null,
            "version_aliases": {},
            "version_destroy_ttl": ""
          },
          "sensitive_attributes": [],
          "private": "eyJlMmJmYjczMC1lY2FhLTExZTYtOGY4OC0zNDM2M2JjN2M0YzAiOnsiY3JlYXRlIjoxMjAwMDAwMDAwMDAwLCJkZWxldGUiOjEyMDAwMDAwMDAwMDAsInVwZGF0ZSI6MTIwMDAwMDAwMDAwMH19",
          "dependencies": [
            "google_project_service.required_apis"
          ]
        },
        {
          "index_key": "cohere-api-key",
          "schema_version": 0,
          "attributes": {
            "annotations": {},
            "create_time": "2025-04-27T11:12:46.291500Z",
            "effective_annotations": {},
            "effective_labels": {
              "category": "llm-api-keys",
              "env": "dev",
              "goog-terraform-provisioned": "true"
            },
            "expire_time": "",
            "id": "projects/agi-baby-cherry/secrets/cohere-api-key-dev",
            "labels": {
              "category": "llm-api-keys",
              "env": "dev"
            },
            "name": "projects/104944497835/secrets/cohere-api-key-dev",
            "project": "agi-baby-cherry",
            "replication": [
              {
                "auto": [],
                "user_managed": [
                  {
                    "replicas": [
                      {
                        "customer_managed_encryption": [],
                        "location": "us-central1"
                      }
                    ]
                  }
                ]
              }
            ],
            "rotation": [],
            "secret_id": "cohere-api-key-dev",
            "terraform_labels": {
              "category": "llm-api-keys",
              "env": "dev",
              "goog-terraform-provisioned": "true"
            },
            "timeouts": null,
            "topics": [],
            "ttl": null,
            "version_aliases": {},
            "version_destroy_ttl": ""
          },
          "sensitive_attributes": [],
          "private": "eyJlMmJmYjczMC1lY2FhLTExZTYtOGY4OC0zNDM2M2JjN2M0YzAiOnsiY3JlYXRlIjoxMjAwMDAwMDAwMDAwLCJkZWxldGUiOjEyMDAwMDAwMDAwMDAsInVwZGF0ZSI6MTIwMDAwMDAwMDAwMH19",
          "dependencies": [
            "google_project_service.required_apis"
          ]
        },
        {
          "index_key": "deepseek-api-key",
          "schema_version": 0,
          "attributes": {
            "annotations": {},
            "create_time": "2025-04-27T11:12:45.688414Z",
            "effective_annotations": {},
            "effective_labels": {
              "category": "llm-api-keys",
              "env": "dev",
              "goog-terraform-provisioned": "true"
            },
            "expire_time": "",
            "id": "projects/agi-baby-cherry/secrets/deepseek-api-key-dev",
            "labels": {
              "category": "llm-api-keys",
              "env": "dev"
            },
            "name": "projects/104944497835/secrets/deepseek-api-key-dev",
            "project": "agi-baby-cherry",
            "replication": [
              {
                "auto": [],
                "user_managed": [
                  {
                    "replicas": [
                      {
                        "customer_managed_encryption": [],
                        "location": "us-central1"
                      }
                    ]
                  }
                ]
              }
            ],
            "rotation": [],
            "secret_id": "deepseek-api-key-dev",
            "terraform_labels": {
              "category": "llm-api-keys",
              "env": "dev",
              "goog-terraform-provisioned": "true"
            },
            "timeouts": null,
            "topics": [],
            "ttl": null,
            "version_aliases": {},
            "version_destroy_ttl": ""
          },
          "sensitive_attributes": [],
          "private": "eyJlMmJmYjczMC1lY2FhLTExZTYtOGY4OC0zNDM2M2JjN2M0YzAiOnsiY3JlYXRlIjoxMjAwMDAwMDAwMDAwLCJkZWxldGUiOjEyMDAwMDAwMDAwMDAsInVwZGF0ZSI6MTIwMDAwMDAwMDAwMH19",
          "dependencies": [
            "google_project_service.required_apis"
          ]
        },
        {
          "index_key": "eleven-labs-api-key",
          "schema_version": 0,
          "attributes": {
            "annotations": {},
            "create_time": "2025-04-27T11:12:44.526602Z",
            "effective_annotations": {},
            "effective_labels": {
              "category": "llm-api-keys",
              "env": "dev",
              "goog-terraform-provisioned": "true"
            },
            "expire_time": "",
            "id": "projects/agi-baby-cherry/secrets/eleven-labs-api-key-dev",
            "labels": {
              "category": "llm-api-keys",
              "env": "dev"
            },
            "name": "projects/104944497835/secrets/eleven-labs-api-key-dev",
            "project": "agi-baby-cherry",
            "replication": [
              {
                "auto": [],
                "user_managed": [
                  {
                    "replicas": [
                      {
                        "customer_managed_encryption": [],
                        "location": "us-central1"
                      }
                    ]
                  }
                ]
              }
            ],
            "rotation": [],
            "secret_id": "eleven-labs-api-key-dev",
            "terraform_labels": {
              "category": "llm-api-keys",
              "env": "dev",
              "goog-terraform-provisioned": "true"
            },
            "timeouts": null,
            "topics": [],
            "ttl": null,
            "version_aliases": {},
            "version_destroy_ttl": ""
          },
          "sensitive_attributes": [],
          "private": "eyJlMmJmYjczMC1lY2FhLTExZTYtOGY4OC0zNDM2M2JjN2M0YzAiOnsiY3JlYXRlIjoxMjAwMDAwMDAwMDAwLCJkZWxldGUiOjEyMDAwMDAwMDAwMDAsInVwZGF0ZSI6MTIwMDAwMDAwMDAwMH19",
          "dependencies": [
            "google_project_service.required_apis"
          ]
        },
        {
          "index_key": "huggingface-api-token",
          "schema_version": 0,
          "attributes": {
            "annotations": {},
            "create_time": "2025-04-27T11:12:46.070097Z",
            "effective_annotations": {},
            "effective_labels": {
              "category": "llm-api-keys",
              "env": "dev",
              "goog-terraform-provisioned": "true"
            },
            "expire_time": "",
            "id": "projects/agi-baby-cherry/secrets/huggingface-api-token-dev",
            "labels": {
              "category": "llm-api-keys",
              "env": "dev"
            },
            "name": "projects/104944497835/secrets/huggingface-api-token-dev",
            "project": "agi-baby-cherry",
            "replication": [
              {
                "auto": [],
                "user_managed": [
                  {
                    "replicas": [
                      {
                        "customer_managed_encryption": [],
                        "location": "us-central1"
                      }
                    ]
                  }
                ]
              }
            ],
            "rotation": [],
            "secret_id": "huggingface-api-token-dev",
            "terraform_labels": {
              "category": "llm-api-keys",
              "env": "dev",
              "goog-terraform-provisioned": "true"
            },
            "timeouts": null,
            "topics": [],
            "ttl": null,
            "version_aliases": {},
            "version_destroy_ttl": ""
          },
          "sensitive_attributes": [],
          "private": "eyJlMmJmYjczMC1lY2FhLTExZTYtOGY4OC0zNDM2M2JjN2M0YzAiOnsiY3JlYXRlIjoxMjAwMDAwMDAwMDAwLCJkZWxldGUiOjEyMDAwMDAwMDAwMDAsInVwZGF0ZSI6MTIwMDAwMDAwMDAwMH19",
          "dependencies": [
            "google_project_service.required_apis"
          ]
        },
        {
          "index_key": "mistral-api-key",
          "schema_version": 0,
          "attributes": {
            "annotations": {},
            "create_time": "2025-04-27T11:12:45.645587Z",
            "effective_annotations": {},
            "effective_labels": {
              "category": "llm-api-keys",
              "env": "dev",
              "goog-terraform-provisioned": "true"
            },
            "expire_time": "",
            "id": "projects/agi-baby-cherry/secrets/mistral-api-key-dev",
            "labels": {
              "category": "llm-api-keys",
              "env": "dev"
            },
            "name": "projects/104944497835/secrets/mistral-api-key-dev",
            "project": "agi-baby-cherry",
            "replication": [
              {
                "auto": [],
                "user_managed": [
                  {
                    "replicas": [
                      {
                        "customer_managed_encryption": [],
                        "location": "us-central1"
                      }
                    ]
                  }
                ]
              }
            ],
            "rotation": [],
            "secret_id": "mistral-api-key-dev",
            "terraform_labels": {
              "category": "llm-api-keys",
              "env": "dev",
              "goog-terraform-provisioned": "true"
            },
            "timeouts": null,
            "topics": [],
            "ttl": null,
            "version_aliases": {},
            "version_destroy_ttl": ""
          },
          "sensitive_attributes": [],
          "private": "eyJlMmJmYjczMC1lY2FhLTExZTYtOGY4OC0zNDM2M2JjN2M0YzAiOnsiY3JlYXRlIjoxMjAwMDAwMDAwMDAwLCJkZWxldGUiOjEyMDAwMDAwMDAwMDAsInVwZGF0ZSI6MTIwMDAwMDAwMDAwMH19",
          "dependencies": [
            "google_project_service.required_apis"
          ]
        },
        {
          "index_key": "openai-api-key",
          "schema_version": 0,
          "attributes": {
            "annotations": {},
            "create_time": "2025-04-27T11:12:45.827991Z",
            "effective_annotations": {},
            "effective_labels": {
              "category": "llm-api-keys",
              "env": "dev",
              "goog-terraform-provisioned": "true"
            },
            "expire_time": "",
            "id": "projects/agi-baby-cherry/secrets/openai-api-key-dev",
            "labels": {
              "category": "llm-api-keys",
              "env": "dev"
            },
            "name": "projects/104944497835/secrets/openai-api-key-dev",
            "project": "agi-baby-cherry",
            "replication": [
              {
                "auto": [],
                "user_managed": [
                  {
                    "replicas": [
                      {
                        "customer_managed_encryption": [],
                        "location": "us-central1"
                      }
                    ]
                  }
                ]
              }
            ],
            "rotation": [],
            "secret_id": "openai-api-key-dev",
            "terraform_labels": {
              "category": "llm-api-keys",
              "env": "dev",
              "goog-terraform-provisioned": "true"
            },
            "timeouts": null,
            "topics": [],
            "ttl": null,
            "version_aliases": {},
            "version_destroy_ttl": ""
          },
          "sensitive_attributes": [],
          "private": "eyJlMmJmYjczMC1lY2FhLTExZTYtOGY4OC0zNDM2M2JjN2M0YzAiOnsiY3JlYXRlIjoxMjAwMDAwMDAwMDAwLCJkZWxldGUiOjEyMDAwMDAwMDAwMDAsInVwZGF0ZSI6MTIwMDAwMDAwMDAwMH19",
          "dependencies": [
            "google_project_service.required_apis"
          ]
        },
        {
          "index_key": "openrouter-api-key",
          "schema_version": 0,
          "attributes": {
            "annotations": {},
            "create_time": "2025-04-27T11:12:45.646504Z",
            "effective_annotations": {},
            "effective_labels": {
              "category": "llm-api-keys",
              "env": "dev",
              "goog-terraform-provisioned": "true"
            },
            "expire_time": "",
            "id": "projects/agi-baby-cherry/secrets/openrouter-api-key-dev",
            "labels": {
              "category": "llm-api-keys",
              "env": "dev"
            },
            "name": "projects/104944497835/secrets/openrouter-api-key-dev",
            "project": "agi-baby-cherry",
            "replication": [
              {
                "auto": [],
                "user_managed": [
                  {
                    "replicas": [
                      {
                        "customer_managed_encryption": [],
                        "location": "us-central1"
                      }
                    ]
                  }
                ]
              }
            ],
            "rotation": [],
            "secret_id": "openrouter-api-key-dev",
            "terraform_labels": {
              "category": "llm-api-keys",
              "env": "dev",
              "goog-terraform-provisioned": "true"
            },
            "timeouts": null,
            "topics": [],
            "ttl": null,
            "version_aliases": {},
            "version_destroy_ttl": ""
          },
          "sensitive_attributes": [],
          "private": "eyJlMmJmYjczMC1lY2FhLTExZTYtOGY4OC0zNDM2M2JjN2M0YzAiOnsiY3JlYXRlIjoxMjAwMDAwMDAwMDAwLCJkZWxldGUiOjEyMDAwMDAwMDAwMDAsInVwZGF0ZSI6MTIwMDAwMDAwMDAwMH19",
          "dependencies": [
            "google_project_service.required_apis"
          ]
        },
        {
          "index_key": "perplexity-api-key",
          "schema_version": 0,
          "attributes": {
            "annotations": {},
            "create_time": "2025-04-27T11:12:45.641448Z",
            "effective_annotations": {},
            "effective_labels": {
              "category": "llm-api-keys",
              "env": "dev",
              "goog-terraform-provisioned": "true"
            },
            "expire_time": "",
            "id": "projects/agi-baby-cherry/secrets/perplexity-api-key-dev",
            "labels": {
              "category": "llm-api-keys",
              "env": "dev"
            },
            "name": "projects/104944497835/secrets/perplexity-api-key-dev",
            "project": "agi-baby-cherry",
            "replication": [
              {
                "auto": [],
                "user_managed": [
                  {
                    "replicas": [
                      {
                        "customer_managed_encryption": [],
                        "location": "us-central1"
                      }
                    ]
                  }
                ]
              }
            ],
            "rotation": [],
            "secret_id": "perplexity-api-key-dev",
            "terraform_labels": {
              "category": "llm-api-keys",
              "env": "dev",
              "goog-terraform-provisioned": "true"
            },
            "timeouts": null,
            "topics": [],
            "ttl": null,
            "version_aliases": {},
            "version_destroy_ttl": ""
          },
          "sensitive_attributes": [],
          "private": "eyJlMmJmYjczMC1lY2FhLTExZTYtOGY4OC0zNDM2M2JjN2M0YzAiOnsiY3JlYXRlIjoxMjAwMDAwMDAwMDAwLCJkZWxldGUiOjEyMDAwMDAwMDAwMDAsInVwZGF0ZSI6MTIwMDAwMDAwMDAwMH19",
          "dependencies": [
            "google_project_service.required_apis"
          ]
        },
        {
          "index_key": "together-ai-api-key",
          "schema_version": 0,
          "attributes": {
            "annotations": {},
            "create_time": "2025-04-27T11:12:45.702990Z",
            "effective_annotations": {},
            "effective_labels": {
              "category": "llm-api-keys",
              "env": "dev",
              "goog-terraform-provisioned": "true"
            },
            "expire_time": "",
            "id": "projects/agi-baby-cherry/secrets/together-ai-api-key-dev",
            "labels": {
              "category": "llm-api-keys",
              "env": "dev"
            },
            "name": "projects/104944497835/secrets/together-ai-api-key-dev",
            "project": "agi-baby-cherry",
            "replication": [
              {
                "auto": [],
                "user_managed": [
                  {
                    "replicas": [
                      {
                        "customer_managed_encryption": [],
                        "location": "us-central1"
                      }
                    ]
                  }
                ]
              }
            ],
            "rotation": [],
            "secret_id": "together-ai-api-key-dev",
            "terraform_labels": {
              "category": "llm-api-keys",
              "env": "dev",
              "goog-terraform-provisioned": "true"
            },
            "timeouts": null,
            "topics": [],
            "ttl": null,
            "version_aliases": {},
            "version_destroy_ttl": ""
          },
          "sensitive_attributes": [],
          "private": "eyJlMmJmYjczMC1lY2FhLTExZTYtOGY4OC0zNDM2M2JjN2M0YzAiOnsiY3JlYXRlIjoxMjAwMDAwMDAwMDAwLCJkZWxldGUiOjEyMDAwMDAwMDAwMDAsInVwZGF0ZSI6MTIwMDAwMDAwMDAwMH19",
          "dependencies": [
            "google_project_service.required_apis"
          ]
        }
      ]
    },
    {
      "mode": "managed",
      "type": "google_secret_manager_secret",
      "name": "postgres_password",
      "provider": "provider[\"registry.terraform.io/hashicorp/google\"]",
      "instances": [
        {
          "schema_version": 0,
          "attributes": {
            "annotations": {},
            "create_time": "2025-04-27T11:12:44.900274Z",
            "effective_annotations": {},
            "effective_labels": {
              "goog-terraform-provisioned": "true"
            },
            "expire_time": "",
            "id": "projects/agi-baby-cherry/secrets/postgres-password-dev",
            "labels": {},
            "name": "projects/104944497835/secrets/postgres-password-dev",
            "project": "agi-baby-cherry",
            "replication": [
              {
                "auto": [],
                "user_managed": [
                  {
                    "replicas": [
                      {
                        "customer_managed_encryption": [],
                        "location": "us-central1"
                      }
                    ]
                  }
                ]
              }
            ],
            "rotation": [],
            "secret_id": "postgres-password-dev",
            "terraform_labels": {
              "goog-terraform-provisioned": "true"
            },
            "timeouts": null,
            "topics": [],
            "ttl": null,
            "version_aliases": {},
            "version_destroy_ttl": ""
          },
          "sensitive_attributes": [],
          "private": "eyJlMmJmYjczMC1lY2FhLTExZTYtOGY4OC0zNDM2M2JjN2M0YzAiOnsiY3JlYXRlIjoxMjAwMDAwMDAwMDAwLCJkZWxldGUiOjEyMDAwMDAwMDAwMDAsInVwZGF0ZSI6MTIwMDAwMDAwMDAwMH19",
          "dependencies": [
            "google_project_service.required_apis"
          ]
        }
      ]
    },
    {
      "mode": "managed",
      "type": "google_secret_manager_secret",
      "name": "redis_auth",
      "provider": "provider[\"registry.terraform.io/hashicorp/google\"]",
      "instances": [
        {
          "schema_version": 0,
          "attributes": {
            "annotations": {},
            "create_time": "2025-04-27T11:12:44.983643Z",
            "effective_annotations": {},
            "effective_labels": {
              "goog-terraform-provisioned": "true"
            },
            "expire_time": "",
            "id": "projects/agi-baby-cherry/secrets/redis-auth-dev",
            "labels": {},
            "name": "projects/104944497835/secrets/redis-auth-dev",
            "project": "agi-baby-cherry",
            "replication": [
              {
                "auto": [],
                "user_managed": [
                  {
                    "replicas": [
                      {
                        "customer_managed_encryption": [],
                        "location": "us-central1"
                      }
                    ]
                  }
                ]
              }
            ],
            "rotation": [],
            "secret_id": "redis-auth-dev",
            "terraform_labels": {
              "goog-terraform-provisioned": "true"
            },
            "timeouts": null,
            "topics": [],
            "ttl": null,
            "version_aliases": {},
            "version_destroy_ttl": ""
          },
          "sensitive_attributes": [],
          "private": "eyJlMmJmYjczMC1lY2FhLTExZTYtOGY4OC0zNDM2M2JjN2M0YzAiOnsiY3JlYXRlIjoxMjAwMDAwMDAwMDAwLCJkZWxldGUiOjEyMDAwMDAwMDAwMDAsInVwZGF0ZSI6MTIwMDAwMDAwMDAwMH19",
          "dependencies": [
            "google_project_service.required_apis"
          ]
        }
      ]
    },
    {
      "mode": "managed",
      "type": "google_secret_manager_secret",
      "name": "tools_api_keys",
      "provider": "provider[\"registry.terraform.io/hashicorp/google\"]",
      "instances": [
        {
          "index_key": "apify-api-token",
          "schema_version": 0,
          "attributes": {
            "annotations": {},
            "create_time": "2025-04-27T11:12:47.082421Z",
            "effective_annotations": {},
            "effective_labels": {
              "category": "tools-api-keys",
              "env": "dev",
              "goog-terraform-provisioned": "true"
            },
            "expire_time": "",
            "id": "projects/agi-baby-cherry/secrets/apify-api-token-dev",
            "labels": {
              "category": "tools-api-keys",
              "env": "dev"
            },
            "name": "projects/104944497835/secrets/apify-api-token-dev",
            "project": "agi-baby-cherry",
            "replication": [
              {
                "auto": [],
                "user_managed": [
                  {
                    "replicas": [
                      {
                        "customer_managed_encryption": [],
                        "location": "us-central1"
                      }
                    ]
                  }
                ]
              }
            ],
            "rotation": [],
            "secret_id": "apify-api-token-dev",
            "terraform_labels": {
              "category": "tools-api-keys",
              "env": "dev",
              "goog-terraform-provisioned": "true"
            },
            "timeouts": null,
            "topics": [],
            "ttl": null,
            "version_aliases": {},
            "version_destroy_ttl": ""
          },
          "sensitive_attributes": [],
          "private": "eyJlMmJmYjczMC1lY2FhLTExZTYtOGY4OC0zNDM2M2JjN2M0YzAiOnsiY3JlYXRlIjoxMjAwMDAwMDAwMDAwLCJkZWxldGUiOjEyMDAwMDAwMDAwMDAsInVwZGF0ZSI6MTIwMDAwMDAwMDAwMH19",
          "dependencies": [
            "google_project_service.required_apis"
          ]
        },
        {
          "index_key": "apollo-io-api-key",
          "schema_version": 0,
          "attributes": {
            "annotations": {},
            "create_time": "2025-04-27T11:12:47.879242Z",
            "effective_annotations": {},
            "effective_labels": {
              "category": "tools-api-keys",
              "env": "dev",
              "goog-terraform-provisioned": "true"
            },
            "expire_time": "",
            "id": "projects/agi-baby-cherry/secrets/apollo-io-api-key-dev",
            "labels": {
              "category": "tools-api-keys",
              "env": "dev"
            },
            "name": "projects/104944497835/secrets/apollo-io-api-key-dev",
            "project": "agi-baby-cherry",
            "replication": [
              {
                "auto": [],
                "user_managed": [
                  {
                    "replicas": [
                      {
                        "customer_managed_encryption": [],
                        "location": "us-central1"
                      }
                    ]
                  }
                ]
              }
            ],
            "rotation": [],
            "secret_id": "apollo-io-api-key-dev",
            "terraform_labels": {
              "category": "tools-api-keys",
              "env": "dev",
              "goog-terraform-provisioned": "true"
            },
            "timeouts": null,
            "topics": [],
            "ttl": null,
            "version_aliases": {},
            "version_destroy_ttl": ""
          },
          "sensitive_attributes": [],
          "private": "eyJlMmJmYjczMC1lY2FhLTExZTYtOGY4OC0zNDM2M2JjN2M0YzAiOnsiY3JlYXRlIjoxMjAwMDAwMDAwMDAwLCJkZWxldGUiOjEyMDAwMDAwMDAwMDAsInVwZGF0ZSI6MTIwMDAwMDAwMDAwMH19",
          "dependencies": [
            "google_project_service.required_apis"
          ]
        },
        {
          "index_key": "brave-api-key",
          "schema_version": 0,
          "attributes": {
            "annotations": {},
            "create_time": "2025-04-27T11:12:47.514710Z",
            "effective_annotations": {},
            "effective_labels": {
              "category": "tools-api-keys",
              "env": "dev",
              "goog-terraform-provisioned": "true"
            },
            "expire_time": "",
            "id": "projects/agi-baby-cherry/secrets/brave-api-key-dev",
            "labels": {
              "category": "tools-api-keys",
              "env": "dev"
            },
            "name": "projects/104944497835/secrets/brave-api-key-dev",
            "project": "agi-baby-cherry",
            "replication": [
              {
                "auto": [],
                "user_managed": [
                  {
                    "replicas": [
                      {
                        "customer_managed_encryption": [],
                        "location": "us-central1"
                      }
                    ]
                  }
                ]
              }
            ],
            "rotation": [],
            "secret_id": "brave-api-key-dev",
            "terraform_labels": {
              "category": "tools-api-keys",
              "env": "dev",
              "goog-terraform-provisioned": "true"
            },
            "timeouts": null,
            "topics": [],
            "ttl": null,
            "version_aliases": {},
            "version_destroy_ttl": ""
          },
          "sensitive_attributes": [],
          "private": "eyJlMmJmYjczMC1lY2FhLTExZTYtOGY4OC0zNDM2M2JjN2M0YzAiOnsiY3JlYXRlIjoxMjAwMDAwMDAwMDAwLCJkZWxldGUiOjEyMDAwMDAwMDAwMDAsInVwZGF0ZSI6MTIwMDAwMDAwMDAwMH19",
          "dependencies": [
            "google_project_service.required_apis"
          ]
        },
        {
          "index_key": "eden-ai-api-key",
          "schema_version": 0,
          "attributes": {
            "annotations": {},
            "create_time": "2025-04-27T11:12:46.803703Z",
            "effective_annotations": {},
            "effective_labels": {
              "category": "tools-api-keys",
              "env": "dev",
              "goog-terraform-provisioned": "true"
            },
            "expire_time": "",
            "id": "projects/agi-baby-cherry/secrets/eden-ai-api-key-dev",
            "labels": {
              "category": "tools-api-keys",
              "env": "dev"
            },
            "name": "projects/104944497835/secrets/eden-ai-api-key-dev",
            "project": "agi-baby-cherry",
            "replication": [
              {
                "auto": [],
                "user_managed": [
                  {
                    "replicas": [
                      {
                        "customer_managed_encryption": [],
                        "location": "us-central1"
                      }
                    ]
                  }
                ]
              }
            ],
            "rotation": [],
            "secret_id": "eden-ai-api-key-dev",
            "terraform_labels": {
              "category": "tools-api-keys",
              "env": "dev",
              "goog-terraform-provisioned": "true"
            },
            "timeouts": null,
            "topics": [],
            "ttl": null,
            "version_aliases": {},
            "version_destroy_ttl": ""
          },
          "sensitive_attributes": [],
          "private": "eyJlMmJmYjczMC1lY2FhLTExZTYtOGY4OC0zNDM2M2JjN2M0YzAiOnsiY3JlYXRlIjoxMjAwMDAwMDAwMDAwLCJkZWxldGUiOjEyMDAwMDAwMDAwMDAsInVwZGF0ZSI6MTIwMDAwMDAwMDAwMH19",
          "dependencies": [
            "google_project_service.required_apis"
          ]
        },
        {
          "index_key": "exa-api-key",
          "schema_version": 0,
          "attributes": {
            "annotations": {},
            "create_time": "2025-04-27T11:12:47.568956Z",
            "effective_annotations": {},
            "effective_labels": {
              "category": "tools-api-keys",
              "env": "dev",
              "goog-terraform-provisioned": "true"
            },
            "expire_time": "",
            "id": "projects/agi-baby-cherry/secrets/exa-api-key-dev",
            "labels": {
              "category": "tools-api-keys",
              "env": "dev"
            },
            "name": "projects/104944497835/secrets/exa-api-key-dev",
            "project": "agi-baby-cherry",
            "replication": [
              {
                "auto": [],
                "user_managed": [
                  {
                    "replicas": [
                      {
                        "customer_managed_encryption": [],
                        "location": "us-central1"
                      }
                    ]
                  }
                ]
              }
            ],
            "rotation": [],
            "secret_id": "exa-api-key-dev",
            "terraform_labels": {
              "category": "tools-api-keys",
              "env": "dev",
              "goog-terraform-provisioned": "true"
            },
            "timeouts": null,
            "topics": [],
            "ttl": null,
            "version_aliases": {},
            "version_destroy_ttl": ""
          },
          "sensitive_attributes": [],
          "private": "eyJlMmJmYjczMC1lY2FhLTExZTYtOGY4OC0zNDM2M2JjN2M0YzAiOnsiY3JlYXRlIjoxMjAwMDAwMDAwMDAwLCJkZWxldGUiOjEyMDAwMDAwMDAwMDAsInVwZGF0ZSI6MTIwMDAwMDAwMDAwMH19",
          "dependencies": [
            "google_project_service.required_apis"
          ]
        },
        {
          "index_key": "langsmith-api-key",
          "schema_version": 0,
          "attributes": {
            "annotations": {},
            "create_time": "2025-04-27T11:12:46.750331Z",
            "effective_annotations": {},
            "effective_labels": {
              "category": "tools-api-keys",
              "env": "dev",
              "goog-terraform-provisioned": "true"
            },
            "expire_time": "",
            "id": "projects/agi-baby-cherry/secrets/langsmith-api-key-dev",
            "labels": {
              "category": "tools-api-keys",
              "env": "dev"
            },
            "name": "projects/104944497835/secrets/langsmith-api-key-dev",
            "project": "agi-baby-cherry",
            "replication": [
              {
                "auto": [],
                "user_managed": [
                  {
                    "replicas": [
                      {
                        "customer_managed_encryption": [],
                        "location": "us-central1"
                      }
                    ]
                  }
                ]
              }
            ],
            "rotation": [],
            "secret_id": "langsmith-api-key-dev",
            "terraform_labels": {
              "category": "tools-api-keys",
              "env": "dev",
              "goog-terraform-provisioned": "true"
            },
            "timeouts": null,
            "topics": [],
            "ttl": null,
            "version_aliases": {},
            "version_destroy_ttl": ""
          },
          "sensitive_attributes": [],
          "private": "eyJlMmJmYjczMC1lY2FhLTExZTYtOGY4OC0zNDM2M2JjN2M0YzAiOnsiY3JlYXRlIjoxMjAwMDAwMDAwMDAwLCJkZWxldGUiOjEyMDAwMDAwMDAwMDAsInVwZGF0ZSI6MTIwMDAwMDAwMDAwMH19",
          "dependencies": [
            "google_project_service.required_apis"
          ]
        },
        {
          "index_key": "notion-api-key",
          "schema_version": 0,
          "attributes": {
            "annotations": {},
            "create_time": "2025-04-27T11:12:46.547372Z",
            "effective_annotations": {},
            "effective_labels": {
              "category": "tools-api-keys",
              "env": "dev",
              "goog-terraform-provisioned": "true"
            },
            "expire_time": "",
            "id": "projects/agi-baby-cherry/secrets/notion-api-key-dev",
            "labels": {
              "category": "tools-api-keys",
              "env": "dev"
            },
            "name": "projects/104944497835/secrets/notion-api-key-dev",
            "project": "agi-baby-cherry",
            "replication": [
              {
                "auto": [],
                "user_managed": [
                  {
                    "replicas": [
                      {
                        "customer_managed_encryption": [],
                        "location": "us-central1"
                      }
                    ]
                  }
                ]
              }
            ],
            "rotation": [],
            "secret_id": "notion-api-key-dev",
            "terraform_labels": {
              "category": "tools-api-keys",
              "env": "dev",
              "goog-terraform-provisioned": "true"
            },
            "timeouts": null,
            "topics": [],
            "ttl": null,
            "version_aliases": {},
            "version_destroy_ttl": ""
          },
          "sensitive_attributes": [],
          "private": "eyJlMmJmYjczMC1lY2FhLTExZTYtOGY4OC0zNDM2M2JjN2M0YzAiOnsiY3JlYXRlIjoxMjAwMDAwMDAwMDAwLCJkZWxldGUiOjEyMDAwMDAwMDAwMDAsInVwZGF0ZSI6MTIwMDAwMDAwMDAwMH19",
          "dependencies": [
            "google_project_service.required_apis"
          ]
        },
        {
          "index_key": "phantom-buster-api-key",
          "schema_version": 0,
          "attributes": {
            "annotations": {},
            "create_time": "2025-04-27T11:12:47.636019Z",
            "effective_annotations": {},
            "effective_labels": {
              "category": "tools-api-keys",
              "env": "dev",
              "goog-terraform-provisioned": "true"
            },
            "expire_time": "",
            "id": "projects/agi-baby-cherry/secrets/phantom-buster-api-key-dev",
            "labels": {
              "category": "tools-api-keys",
              "env": "dev"
            },
            "name": "projects/104944497835/secrets/phantom-buster-api-key-dev",
            "project": "agi-baby-cherry",
            "replication": [
              {
                "auto": [],
                "user_managed": [
                  {
                    "replicas": [
                      {
                        "customer_managed_encryption": [],
                        "location": "us-central1"
                      }
                    ]
                  }
                ]
              }
            ],
            "rotation": [],
            "secret_id": "phantom-buster-api-key-dev",
            "terraform_labels": {
              "category": "tools-api-keys",
              "env": "dev",
              "goog-terraform-provisioned": "true"
            },
            "timeouts": null,
            "topics": [],
            "ttl": null,
            "version_aliases": {},
            "version_destroy_ttl": ""
          },
          "sensitive_attributes": [],
          "private": "eyJlMmJmYjczMC1lY2FhLTExZTYtOGY4OC0zNDM2M2JjN2M0YzAiOnsiY3JlYXRlIjoxMjAwMDAwMDAwMDAwLCJkZWxldGUiOjEyMDAwMDAwMDAwMDAsInVwZGF0ZSI6MTIwMDAwMDAwMDAwMH19",
          "dependencies": [
            "google_project_service.required_apis"
          ]
        },
        {
          "index_key": "pinecone-api-key",
          "schema_version": 0,
          "attributes": {
            "annotations": {},
            "create_time": "2025-04-27T11:12:47.142261Z",
            "effective_annotations": {},
            "effective_labels": {
              "category": "tools-api-keys",
              "env": "dev",
              "goog-terraform-provisioned": "true"
            },
            "expire_time": "",
            "id": "projects/agi-baby-cherry/secrets/pinecone-api-key-dev",
            "labels": {
              "category": "tools-api-keys",
              "env": "dev"
            },
            "name": "projects/104944497835/secrets/pinecone-api-key-dev",
            "project": "agi-baby-cherry",
            "replication": [
              {
                "auto": [],
                "user_managed": [
                  {
                    "replicas": [
                      {
                        "customer_managed_encryption": [],
                        "location": "us-central1"
                      }
                    ]
                  }
                ]
              }
            ],
            "rotation": [],
            "secret_id": "pinecone-api-key-dev",
            "terraform_labels": {
              "category": "tools-api-keys",
              "env": "dev",
              "goog-terraform-provisioned": "true"
            },
            "timeouts": null,
            "topics": [],
            "ttl": null,
            "version_aliases": {},
            "version_destroy_ttl": ""
          },
          "sensitive_attributes": [],
          "private": "eyJlMmJmYjczMC1lY2FhLTExZTYtOGY4OC0zNDM2M2JjN2M0YzAiOnsiY3JlYXRlIjoxMjAwMDAwMDAwMDAwLCJkZWxldGUiOjEyMDAwMDAwMDAwMDAsInVwZGF0ZSI6MTIwMDAwMDAwMDAwMH19",
          "dependencies": [
            "google_project_service.required_apis"
          ]
        },
        {
          "index_key": "portkey-api-key",
          "schema_version": 0,
          "attributes": {
            "annotations": {},
            "create_time": "2025-04-27T11:12:47.906204Z",
            "effective_annotations": {},
            "effective_labels": {
              "category": "tools-api-keys",
              "env": "dev",
              "goog-terraform-provisioned": "true"
            },
            "expire_time": "",
            "id": "projects/agi-baby-cherry/secrets/portkey-api-key-dev",
            "labels": {
              "category": "tools-api-keys",
              "env": "dev"
            },
            "name": "projects/104944497835/secrets/portkey-api-key-dev",
            "project": "agi-baby-cherry",
            "replication": [
              {
                "auto": [],
                "user_managed": [
                  {
                    "replicas": [
                      {
                        "customer_managed_encryption": [],
                        "location": "us-central1"
                      }
                    ]
                  }
                ]
              }
            ],
            "rotation": [],
            "secret_id": "portkey-api-key-dev",
            "terraform_labels": {
              "category": "tools-api-keys",
              "env": "dev",
              "goog-terraform-provisioned": "true"
            },
            "timeouts": null,
            "topics": [],
            "ttl": null,
            "version_aliases": {},
            "version_destroy_ttl": ""
          },
          "sensitive_attributes": [],
          "private": "eyJlMmJmYjczMC1lY2FhLTExZTYtOGY4OC0zNDM2M2JjN2M0YzAiOnsiY3JlYXRlIjoxMjAwMDAwMDAwMDAwLCJkZWxldGUiOjEyMDAwMDAwMDAwMDAsInVwZGF0ZSI6MTIwMDAwMDAwMDAwMH19",
          "dependencies": [
            "google_project_service.required_apis"
          ]
        },
        {
          "index_key": "sourcegraph-access-token",
          "schema_version": 0,
          "attributes": {
            "annotations": {},
            "create_time": "2025-04-27T11:12:47.351576Z",
            "effective_annotations": {},
            "effective_labels": {
              "category": "tools-api-keys",
              "env": "dev",
              "goog-terraform-provisioned": "true"
            },
            "expire_time": "",
            "id": "projects/agi-baby-cherry/secrets/sourcegraph-access-token-dev",
            "labels": {
              "category": "tools-api-keys",
              "env": "dev"
            },
            "name": "projects/104944497835/secrets/sourcegraph-access-token-dev",
            "project": "agi-baby-cherry",
            "replication": [
              {
                "auto": [],
                "user_managed": [
                  {
                    "replicas": [
                      {
                        "customer_managed_encryption": [],
                        "location": "us-central1"
                      }
                    ]
                  }
                ]
              }
            ],
            "rotation": [],
            "secret_id": "sourcegraph-access-token-dev",
            "terraform_labels": {
              "category": "tools-api-keys",
              "env": "dev",
              "goog-terraform-provisioned": "true"
            },
            "timeouts": null,
            "topics": [],
            "ttl": null,
            "version_aliases": {},
            "version_destroy_ttl": ""
          },
          "sensitive_attributes": [],
          "private": "eyJlMmJmYjczMC1lY2FhLTExZTYtOGY4OC0zNDM2M2JjN2M0YzAiOnsiY3JlYXRlIjoxMjAwMDAwMDAwMDAwLCJkZWxldGUiOjEyMDAwMDAwMDAwMDAsInVwZGF0ZSI6MTIwMDAwMDAwMDAwMH19",
          "dependencies": [
            "google_project_service.required_apis"
          ]
        },
        {
          "index_key": "tavily-api-key",
          "schema_version": 0,
          "attributes": {
            "annotations": {},
            "create_time": "2025-04-27T11:12:47.984577Z",
            "effective_annotations": {},
            "effective_labels": {
              "category": "tools-api-keys",
              "env": "dev",
              "goog-terraform-provisioned": "true"
            },
            "expire_time": "",
            "id": "projects/agi-baby-cherry/secrets/tavily-api-key-dev",
            "labels": {
              "category": "tools-api-keys",
              "env": "dev"
            },
            "name": "projects/104944497835/secrets/tavily-api-key-dev",
            "project": "agi-baby-cherry",
            "replication": [
              {
                "auto": [],
                "user_managed": [
                  {
                    "replicas": [
                      {
                        "customer_managed_encryption": [],
                        "location": "us-central1"
                      }
                    ]
                  }
                ]
              }
            ],
            "rotation": [],
            "secret_id": "tavily-api-key-dev",
            "terraform_labels": {
              "category": "tools-api-keys",
              "env": "dev",
              "goog-terraform-provisioned": "true"
            },
            "timeouts": null,
            "topics": [],
            "ttl": null,
            "version_aliases": {},
            "version_destroy_ttl": ""
          },
          "sensitive_attributes": [],
          "private": "eyJlMmJmYjczMC1lY2FhLTExZTYtOGY4OC0zNDM2M2JjN2M0YzAiOnsiY3JlYXRlIjoxMjAwMDAwMDAwMDAwLCJkZWxldGUiOjEyMDAwMDAwMDAwMDAsInVwZGF0ZSI6MTIwMDAwMDAwMDAwMH19",
          "dependencies": [
            "google_project_service.required_apis"
          ]
        },
        {
          "index_key": "twingly-api-key",
          "schema_version": 0,
          "attributes": {
            "annotations": {},
            "create_time": "2025-04-27T11:12:46.684997Z",
            "effective_annotations": {},
            "effective_labels": {
              "category": "tools-api-keys",
              "env": "dev",
              "goog-terraform-provisioned": "true"
            },
            "expire_time": "",
            "id": "projects/agi-baby-cherry/secrets/twingly-api-key-dev",
            "labels": {
              "category": "tools-api-keys",
              "env": "dev"
            },
            "name": "projects/104944497835/secrets/twingly-api-key-dev",
            "project": "agi-baby-cherry",
            "replication": [
              {
                "auto": [],
                "user_managed": [
                  {
                    "replicas": [
                      {
                        "customer_managed_encryption": [],
                        "location": "us-central1"
                      }
                    ]
                  }
                ]
              }
            ],
            "rotation": [],
            "secret_id": "twingly-api-key-dev",
            "terraform_labels": {
              "category": "tools-api-keys",
              "env": "dev",
              "goog-terraform-provisioned": "true"
            },
            "timeouts": null,
            "topics": [],
            "ttl": null,
            "version_aliases": {},
            "version_destroy_ttl": ""
          },
          "sensitive_attributes": [],
          "private": "eyJlMmJmYjczMC1lY2FhLTExZTYtOGY4OC0zNDM2M2JjN2M0YzAiOnsiY3JlYXRlIjoxMjAwMDAwMDAwMDAwLCJkZWxldGUiOjEyMDAwMDAwMDAwMDAsInVwZGF0ZSI6MTIwMDAwMDAwMDAwMH19",
          "dependencies": [
            "google_project_service.required_apis"
          ]
        },
        {
          "index_key": "zenrows-api-key",
          "schema_version": 0,
          "attributes": {
            "annotations": {},
            "create_time": "2025-04-27T11:12:47.717186Z",
            "effective_annotations": {},
            "effective_labels": {
              "category": "tools-api-keys",
              "env": "dev",
              "goog-terraform-provisioned": "true"
            },
            "expire_time": "",
            "id": "projects/agi-baby-cherry/secrets/zenrows-api-key-dev",
            "labels": {
              "category": "tools-api-keys",
              "env": "dev"
            },
            "name": "projects/104944497835/secrets/zenrows-api-key-dev",
            "project": "agi-baby-cherry",
            "replication": [
              {
                "auto": [],
                "user_managed": [
                  {
                    "replicas": [
                      {
                        "customer_managed_encryption": [],
                        "location": "us-central1"
                      }
                    ]
                  }
                ]
              }
            ],
            "rotation": [],
            "secret_id": "zenrows-api-key-dev",
            "terraform_labels": {
              "category": "tools-api-keys",
              "env": "dev",
              "goog-terraform-provisioned": "true"
            },
            "timeouts": null,
            "topics": [],
            "ttl": null,
            "version_aliases": {},
            "version_destroy_ttl": ""
          },
          "sensitive_attributes": [],
          "private": "eyJlMmJmYjczMC1lY2FhLTExZTYtOGY4OC0zNDM2M2JjN2M0YzAiOnsiY3JlYXRlIjoxMjAwMDAwMDAwMDAwLCJkZWxldGUiOjEyMDAwMDAwMDAwMDAsInVwZGF0ZSI6MTIwMDAwMDAwMDAwMH19",
          "dependencies": [
            "google_project_service.required_apis"
          ]
        }
      ]
    },
    {
      "mode": "managed",
      "type": "google_secret_manager_secret_iam_binding",
      "name": "secret_accessor_binding_gcp",
      "provider": "provider[\"registry.terraform.io/hashicorp/google\"]",
      "instances": [
        {
          "index_key": "gcp-client-secret",
          "schema_version": 0,
          "attributes": {
            "condition": [],
            "etag": "BwYzwKaWezo=",
            "id": "projects/agi-baby-cherry/secrets/gcp-client-secret-dev/roles/secretmanager.secretAccessor",
            "members": [
              "serviceAccount:orchestra-cloud-run-dev@agi-baby-cherry.iam.gserviceaccount.com",
              "serviceAccount:orchestra-secret-accessor-dev@agi-baby-cherry.iam.gserviceaccount.com"
            ],
            "project": "agi-baby-cherry",
            "role": "roles/secretmanager.secretAccessor",
            "secret_id": "projects/agi-baby-cherry/secrets/gcp-client-secret-dev"
          },
          "sensitive_attributes": [],
          "private": "bnVsbA==",
          "dependencies": [
            "google_project_service.required_apis",
            "google_secret_manager_secret.gcp_secrets",
            "google_service_account.cloud_run_identity",
            "google_service_account.secret_accessor"
          ]
        },
        {
          "index_key": "gcp-service-account-key",
          "schema_version": 0,
          "attributes": {
            "condition": [],
            "etag": "BwYzwKZx0TA=",
            "id": "projects/agi-baby-cherry/secrets/gcp-service-account-key-dev/roles/secretmanager.secretAccessor",
            "members": [
              "serviceAccount:orchestra-cloud-run-dev@agi-baby-cherry.iam.gserviceaccount.com",
              "serviceAccount:orchestra-secret-accessor-dev@agi-baby-cherry.iam.gserviceaccount.com"
            ],
            "project": "agi-baby-cherry",
            "role": "roles/secretmanager.secretAccessor",
            "secret_id": "projects/agi-baby-cherry/secrets/gcp-service-account-key-dev"
          },
          "sensitive_attributes": [],
          "private": "bnVsbA==",
          "dependencies": [
            "google_project_service.required_apis",
            "google_secret_manager_secret.gcp_secrets",
            "google_service_account.cloud_run_identity",
            "google_service_account.secret_accessor"
          ]
        },
        {
          "index_key": "vertex-agent-key",
          "schema_version": 0,
          "attributes": {
            "condition": [],
            "etag": "BwYzwKaBgVY=",
            "id": "projects/agi-baby-cherry/secrets/vertex-agent-key-dev/roles/secretmanager.secretAccessor",
            "members": [
              "serviceAccount:orchestra-cloud-run-dev@agi-baby-cherry.iam.gserviceaccount.com",
              "serviceAccount:orchestra-secret-accessor-dev@agi-baby-cherry.iam.gserviceaccount.com"
            ],
            "project": "agi-baby-cherry",
            "role": "roles/secretmanager.secretAccessor",
            "secret_id": "projects/agi-baby-cherry/secrets/vertex-agent-key-dev"
          },
          "sensitive_attributes": [],
          "private": "bnVsbA==",
          "dependencies": [
            "google_project_service.required_apis",
            "google_secret_manager_secret.gcp_secrets",
            "google_service_account.cloud_run_identity",
            "google_service_account.secret_accessor"
          ]
        }
      ]
    },
    {
      "mode": "managed",
      "type": "google_secret_manager_secret_iam_binding",
      "name": "secret_accessor_binding_llm",
      "provider": "provider[\"registry.terraform.io/hashicorp/google\"]",
      "instances": [
        {
          "index_key": "anthropic-api-key",
          "schema_version": 0,
          "attributes": {
            "condition": [],
            "etag": "BwYzwKYrtY0=",
            "id": "projects/agi-baby-cherry/secrets/anthropic-api-key-dev/roles/secretmanager.secretAccessor",
            "members": [
              "serviceAccount:orchestra-cloud-run-dev@agi-baby-cherry.iam.gserviceaccount.com",
              "serviceAccount:orchestra-secret-accessor-dev@agi-baby-cherry.iam.gserviceaccount.com"
            ],
            "project": "agi-baby-cherry",
            "role": "roles/secretmanager.secretAccessor",
            "secret_id": "projects/agi-baby-cherry/secrets/anthropic-api-key-dev"
          },
          "sensitive_attributes": [],
          "private": "bnVsbA==",
          "dependencies": [
            "google_project_service.required_apis",
            "google_secret_manager_secret.llm_api_keys",
            "google_service_account.cloud_run_identity",
            "google_service_account.secret_accessor"
          ]
        },
        {
          "index_key": "cohere-api-key",
          "schema_version": 0,
          "attributes": {
            "condition": [],
            "etag": "BwYzwKZcjhE=",
            "id": "projects/agi-baby-cherry/secrets/cohere-api-key-dev/roles/secretmanager.secretAccessor",
            "members": [
              "serviceAccount:orchestra-cloud-run-dev@agi-baby-cherry.iam.gserviceaccount.com",
              "serviceAccount:orchestra-secret-accessor-dev@agi-baby-cherry.iam.gserviceaccount.com"
            ],
            "project": "agi-baby-cherry",
            "role": "roles/secretmanager.secretAccessor",
            "secret_id": "projects/agi-baby-cherry/secrets/cohere-api-key-dev"
          },
          "sensitive_attributes": [],
          "private": "bnVsbA==",
          "dependencies": [
            "google_project_service.required_apis",
            "google_secret_manager_secret.llm_api_keys",
            "google_service_account.cloud_run_identity",
            "google_service_account.secret_accessor"
          ]
        },
        {
          "index_key": "deepseek-api-key",
          "schema_version": 0,
          "attributes": {
            "condition": [],
            "etag": "BwYzwKZX42w=",
            "id": "projects/agi-baby-cherry/secrets/deepseek-api-key-dev/roles/secretmanager.secretAccessor",
            "members": [
              "serviceAccount:orchestra-cloud-run-dev@agi-baby-cherry.iam.gserviceaccount.com",
              "serviceAccount:orchestra-secret-accessor-dev@agi-baby-cherry.iam.gserviceaccount.com"
            ],
            "project": "agi-baby-cherry",
            "role": "roles/secretmanager.secretAccessor",
            "secret_id": "projects/agi-baby-cherry/secrets/deepseek-api-key-dev"
          },
          "sensitive_attributes": [],
          "private": "bnVsbA==",
          "dependencies": [
            "google_project_service.required_apis",
            "google_secret_manager_secret.llm_api_keys",
            "google_service_account.cloud_run_identity",
            "google_service_account.secret_accessor"
          ]
        },
        {
          "index_key": "eleven-labs-api-key",
          "schema_version": 0,
          "attributes": {
            "condition": [],
            "etag": "BwYzwKZZa0I=",
            "id": "projects/agi-baby-cherry/secrets/eleven-labs-api-key-dev/roles/secretmanager.secretAccessor",
            "members": [
              "serviceAccount:orchestra-cloud-run-dev@agi-baby-cherry.iam.gserviceaccount.com",
              "serviceAccount:orchestra-secret-accessor-dev@agi-baby-cherry.iam.gserviceaccount.com"
            ],
            "project": "agi-baby-cherry",
            "role": "roles/secretmanager.secretAccessor",
            "secret_id": "projects/agi-baby-cherry/secrets/eleven-labs-api-key-dev"
          },
          "sensitive_attributes": [],
          "private": "bnVsbA==",
          "dependencies": [
            "google_project_service.required_apis",
            "google_secret_manager_secret.llm_api_keys",
            "google_service_account.cloud_run_identity",
            "google_service_account.secret_accessor"
          ]
        },
        {
          "index_key": "huggingface-api-token",
          "schema_version": 0,
          "attributes": {
            "condition": [],
            "etag": "BwYzwKZa8io=",
            "id": "projects/agi-baby-cherry/secrets/huggingface-api-token-dev/roles/secretmanager.secretAccessor",
            "members": [
              "serviceAccount:orchestra-cloud-run-dev@agi-baby-cherry.iam.gserviceaccount.com",
              "serviceAccount:orchestra-secret-accessor-dev@agi-baby-cherry.iam.gserviceaccount.com"
            ],
            "project": "agi-baby-cherry",
            "role": "roles/secretmanager.secretAccessor",
            "secret_id": "projects/agi-baby-cherry/secrets/huggingface-api-token-dev"
          },
          "sensitive_attributes": [],
          "private": "bnVsbA==",
          "dependencies": [
            "google_project_service.required_apis",
            "google_secret_manager_secret.llm_api_keys",
            "google_service_account.cloud_run_identity",
            "google_service_account.secret_accessor"
          ]
        },
        {
          "index_key": "mistral-api-key",
          "schema_version": 0,
          "attributes": {
            "condition": [],
            "etag": "BwYzwKZWcJM=",
            "id": "projects/agi-baby-cherry/secrets/mistral-api-key-dev/roles/secretmanager.secretAccessor",
            "members": [
              "serviceAccount:orchestra-cloud-run-dev@agi-baby-cherry.iam.gserviceaccount.com",
              "serviceAccount:orchestra-secret-accessor-dev@agi-baby-cherry.iam.gserviceaccount.com"
            ],
            "project": "agi-baby-cherry",
            "role": "roles/secretmanager.secretAccessor",
            "secret_id": "projects/agi-baby-cherry/secrets/mistral-api-key-dev"
          },
          "sensitive_attributes": [],
          "private": "bnVsbA==",
          "dependencies": [
            "google_project_service.required_apis",
            "google_secret_manager_secret.llm_api_keys",
            "google_service_account.cloud_run_identity",
            "google_service_account.secret_accessor"
          ]
        },
        {
          "index_key": "openai-api-key",
          "schema_version": 0,
          "attributes": {
            "condition": [],
            "etag": "BwYzwKY+COI=",
            "id": "projects/agi-baby-cherry/secrets/openai-api-key-dev/roles/secretmanager.secretAccessor",
            "members": [
              "serviceAccount:orchestra-cloud-run-dev@agi-baby-cherry.iam.gserviceaccount.com",
              "serviceAccount:orchestra-secret-accessor-dev@agi-baby-cherry.iam.gserviceaccount.com"
            ],
            "project": "agi-baby-cherry",
            "role": "roles/secretmanager.secretAccessor",
            "secret_id": "projects/agi-baby-cherry/secrets/openai-api-key-dev"
          },
          "sensitive_attributes": [],
          "private": "bnVsbA==",
          "dependencies": [
            "google_project_service.required_apis",
            "google_secret_manager_secret.llm_api_keys",
            "google_service_account.cloud_run_identity",
            "google_service_account.secret_accessor"
          ]
        },
        {
          "index_key": "openrouter-api-key",
          "schema_version": 0,
          "attributes": {
            "condition": [],
            "etag": "BwYzwKZaCy4=",
            "id": "projects/agi-baby-cherry/secrets/openrouter-api-key-dev/roles/secretmanager.secretAccessor",
            "members": [
              "serviceAccount:orchestra-cloud-run-dev@agi-baby-cherry.iam.gserviceaccount.com",
              "serviceAccount:orchestra-secret-accessor-dev@agi-baby-cherry.iam.gserviceaccount.com"
            ],
            "project": "agi-baby-cherry",
            "role": "roles/secretmanager.secretAccessor",
            "secret_id": "projects/agi-baby-cherry/secrets/openrouter-api-key-dev"
          },
          "sensitive_attributes": [],
          "private": "bnVsbA==",
          "dependencies": [
            "google_project_service.required_apis",
            "google_secret_manager_secret.llm_api_keys",
            "google_service_account.cloud_run_identity",
            "google_service_account.secret_accessor"
          ]
        },
        {
          "index_key": "perplexity-api-key",
          "schema_version": 0,
          "attributes": {
            "condition": [],
            "etag": "BwYzwKZZd80=",
            "id": "projects/agi-baby-cherry/secrets/perplexity-api-key-dev/roles/secretmanager.secretAccessor",
            "members": [
              "serviceAccount:orchestra-cloud-run-dev@agi-baby-cherry.iam.gserviceaccount.com",
              "serviceAccount:orchestra-secret-accessor-dev@agi-baby-cherry.iam.gserviceaccount.com"
            ],
            "project": "agi-baby-cherry",
            "role": "roles/secretmanager.secretAccessor",
            "secret_id": "projects/agi-baby-cherry/secrets/perplexity-api-key-dev"
          },
          "sensitive_attributes": [],
          "private": "bnVsbA==",
          "dependencies": [
            "google_project_service.required_apis",
            "google_secret_manager_secret.llm_api_keys",
            "google_service_account.cloud_run_identity",
            "google_service_account.secret_accessor"
          ]
        },
        {
          "index_key": "together-ai-api-key",
          "schema_version": 0,
          "attributes": {
            "condition": [],
            "etag": "BwYzwKYU0D0=",
            "id": "projects/agi-baby-cherry/secrets/together-ai-api-key-dev/roles/secretmanager.secretAccessor",
            "members": [
              "serviceAccount:orchestra-cloud-run-dev@agi-baby-cherry.iam.gserviceaccount.com",
              "serviceAccount:orchestra-secret-accessor-dev@agi-baby-cherry.iam.gserviceaccount.com"
            ],
            "project": "agi-baby-cherry",
            "role": "roles/secretmanager.secretAccessor",
            "secret_id": "projects/agi-baby-cherry/secrets/together-ai-api-key-dev"
          },
          "sensitive_attributes": [],
          "private": "bnVsbA==",
          "dependencies": [
            "google_project_service.required_apis",
            "google_secret_manager_secret.llm_api_keys",
            "google_service_account.cloud_run_identity",
            "google_service_account.secret_accessor"
          ]
        }
      ]
    },
    {
      "mode": "managed",
      "type": "google_secret_manager_secret_iam_binding",
      "name": "secret_accessor_binding_tools",
      "provider": "provider[\"registry.terraform.io/hashicorp/google\"]",
      "instances": [
        {
          "index_key": "apify-api-token",
          "schema_version": 0,
          "attributes": {
            "condition": [],
            "etag": "BwYzwKXOiH4=",
            "id": "projects/agi-baby-cherry/secrets/apify-api-token-dev/roles/secretmanager.secretAccessor",
            "members": [
              "serviceAccount:orchestra-cloud-run-dev@agi-baby-cherry.iam.gserviceaccount.com",
              "serviceAccount:orchestra-secret-accessor-dev@agi-baby-cherry.iam.gserviceaccount.com"
            ],
            "project": "agi-baby-cherry",
            "role": "roles/secretmanager.secretAccessor",
            "secret_id": "projects/agi-baby-cherry/secrets/apify-api-token-dev"
          },
          "sensitive_attributes": [],
          "private": "bnVsbA==",
          "dependencies": [
            "google_project_service.required_apis",
            "google_secret_manager_secret.tools_api_keys",
            "google_service_account.cloud_run_identity",
            "google_service_account.secret_accessor"
          ]
        },
        {
          "index_key": "apollo-io-api-key",
          "schema_version": 0,
          "attributes": {
            "condition": [],
            "etag": "BwYzwKYUzXY=",
            "id": "projects/agi-baby-cherry/secrets/apollo-io-api-key-dev/roles/secretmanager.secretAccessor",
            "members": [
              "serviceAccount:orchestra-cloud-run-dev@agi-baby-cherry.iam.gserviceaccount.com",
              "serviceAccount:orchestra-secret-accessor-dev@agi-baby-cherry.iam.gserviceaccount.com"
            ],
            "project": "agi-baby-cherry",
            "role": "roles/secretmanager.secretAccessor",
            "secret_id": "projects/agi-baby-cherry/secrets/apollo-io-api-key-dev"
          },
          "sensitive_attributes": [],
          "private": "bnVsbA==",
          "dependencies": [
            "google_project_service.required_apis",
            "google_secret_manager_secret.tools_api_keys",
            "google_service_account.cloud_run_identity",
            "google_service_account.secret_accessor"
          ]
        },
        {
          "index_key": "brave-api-key",
          "schema_version": 0,
          "attributes": {
            "condition": [],
            "etag": "BwYzwKYU2Q0=",
            "id": "projects/agi-baby-cherry/secrets/brave-api-key-dev/roles/secretmanager.secretAccessor",
            "members": [
              "serviceAccount:orchestra-cloud-run-dev@agi-baby-cherry.iam.gserviceaccount.com",
              "serviceAccount:orchestra-secret-accessor-dev@agi-baby-cherry.iam.gserviceaccount.com"
            ],
            "project": "agi-baby-cherry",
            "role": "roles/secretmanager.secretAccessor",
            "secret_id": "projects/agi-baby-cherry/secrets/brave-api-key-dev"
          },
          "sensitive_attributes": [],
          "private": "bnVsbA==",
          "dependencies": [
            "google_project_service.required_apis",
            "google_secret_manager_secret.tools_api_keys",
            "google_service_account.cloud_run_identity",
            "google_service_account.secret_accessor"
          ]
        },
        {
          "index_key": "eden-ai-api-key",
          "schema_version": 0,
          "attributes": {
            "condition": [],
            "etag": "BwYzwKXQOHY=",
            "id": "projects/agi-baby-cherry/secrets/eden-ai-api-key-dev/roles/secretmanager.secretAccessor",
            "members": [
              "serviceAccount:orchestra-cloud-run-dev@agi-baby-cherry.iam.gserviceaccount.com",
              "serviceAccount:orchestra-secret-accessor-dev@agi-baby-cherry.iam.gserviceaccount.com"
            ],
            "project": "agi-baby-cherry",
            "role": "roles/secretmanager.secretAccessor",
            "secret_id": "projects/agi-baby-cherry/secrets/eden-ai-api-key-dev"
          },
          "sensitive_attributes": [],
          "private": "bnVsbA==",
          "dependencies": [
            "google_project_service.required_apis",
            "google_secret_manager_secret.tools_api_keys",
            "google_service_account.cloud_run_identity",
            "google_service_account.secret_accessor"
          ]
        },
        {
          "index_key": "exa-api-key",
          "schema_version": 0,
          "attributes": {
            "condition": [],
            "etag": "BwYzwKXQHxU=",
            "id": "projects/agi-baby-cherry/secrets/exa-api-key-dev/roles/secretmanager.secretAccessor",
            "members": [
              "serviceAccount:orchestra-cloud-run-dev@agi-baby-cherry.iam.gserviceaccount.com",
              "serviceAccount:orchestra-secret-accessor-dev@agi-baby-cherry.iam.gserviceaccount.com"
            ],
            "project": "agi-baby-cherry",
            "role": "roles/secretmanager.secretAccessor",
            "secret_id": "projects/agi-baby-cherry/secrets/exa-api-key-dev"
          },
          "sensitive_attributes": [],
          "private": "bnVsbA==",
          "dependencies": [
            "google_project_service.required_apis",
            "google_secret_manager_secret.tools_api_keys",
            "google_service_account.cloud_run_identity",
            "google_service_account.secret_accessor"
          ]
        },
        {
          "index_key": "langsmith-api-key",
          "schema_version": 0,
          "attributes": {
            "condition": [],
            "etag": "BwYzwKYZ3n4=",
            "id": "projects/agi-baby-cherry/secrets/langsmith-api-key-dev/roles/secretmanager.secretAccessor",
            "members": [
              "serviceAccount:orchestra-cloud-run-dev@agi-baby-cherry.iam.gserviceaccount.com",
              "serviceAccount:orchestra-secret-accessor-dev@agi-baby-cherry.iam.gserviceaccount.com"
            ],
            "project": "agi-baby-cherry",
            "role": "roles/secretmanager.secretAccessor",
            "secret_id": "projects/agi-baby-cherry/secrets/langsmith-api-key-dev"
          },
          "sensitive_attributes": [],
          "private": "bnVsbA==",
          "dependencies": [
            "google_project_service.required_apis",
            "google_secret_manager_secret.tools_api_keys",
            "google_service_account.cloud_run_identity",
            "google_service_account.secret_accessor"
          ]
        },
        {
          "index_key": "notion-api-key",
          "schema_version": 0,
          "attributes": {
            "condition": [],
            "etag": "BwYzwKXTKGE=",
            "id": "projects/agi-baby-cherry/secrets/notion-api-key-dev/roles/secretmanager.secretAccessor",
            "members": [
              "serviceAccount:orchestra-cloud-run-dev@agi-baby-cherry.iam.gserviceaccount.com",
              "serviceAccount:orchestra-secret-accessor-dev@agi-baby-cherry.iam.gserviceaccount.com"
            ],
            "project": "agi-baby-cherry",
            "role": "roles/secretmanager.secretAccessor",
            "secret_id": "projects/agi-baby-cherry/secrets/notion-api-key-dev"
          },
          "sensitive_attributes": [],
          "private": "bnVsbA==",
          "dependencies": [
            "google_project_service.required_apis",
            "google_secret_manager_secret.tools_api_keys",
            "google_service_account.cloud_run_identity",
            "google_service_account.secret_accessor"
          ]
        },
        {
          "index_key": "phantom-buster-api-key",
          "schema_version": 0,
          "attributes": {
            "condition": [],
            "etag": "BwYzwKXojng=",
            "id": "projects/agi-baby-cherry/secrets/phantom-buster-api-key-dev/roles/secretmanager.secretAccessor",
            "members": [
              "serviceAccount:orchestra-cloud-run-dev@agi-baby-cherry.iam.gserviceaccount.com",
              "serviceAccount:orchestra-secret-accessor-dev@agi-baby-cherry.iam.gserviceaccount.com"
            ],
            "project": "agi-baby-cherry",
            "role": "roles/secretmanager.secretAccessor",
            "secret_id": "projects/agi-baby-cherry/secrets/phantom-buster-api-key-dev"
          },
          "sensitive_attributes": [],
          "private": "bnVsbA==",
          "dependencies": [
            "google_project_service.required_apis",
            "google_secret_manager_secret.tools_api_keys",
            "google_service_account.cloud_run_identity",
            "google_service_account.secret_accessor"
          ]
        },
        {
          "index_key": "pinecone-api-key",
          "schema_version": 0,
          "attributes": {
            "condition": [],
            "etag": "BwYzwKXU5T0=",
            "id": "projects/agi-baby-cherry/secrets/pinecone-api-key-dev/roles/secretmanager.secretAccessor",
            "members": [
              "serviceAccount:orchestra-cloud-run-dev@agi-baby-cherry.iam.gserviceaccount.com",
              "serviceAccount:orchestra-secret-accessor-dev@agi-baby-cherry.iam.gserviceaccount.com"
            ],
            "project": "agi-baby-cherry",
            "role": "roles/secretmanager.secretAccessor",
            "secret_id": "projects/agi-baby-cherry/secrets/pinecone-api-key-dev"
          },
          "sensitive_attributes": [],
          "private": "bnVsbA==",
          "dependencies": [
            "google_project_service.required_apis",
            "google_secret_manager_secret.tools_api_keys",
            "google_service_account.cloud_run_identity",
            "google_service_account.secret_accessor"
          ]
        },
        {
          "index_key": "portkey-api-key",
          "schema_version": 0,
          "attributes": {
            "condition": [],
            "etag": "BwYzwKXQENs=",
            "id": "projects/agi-baby-cherry/secrets/portkey-api-key-dev/roles/secretmanager.secretAccessor",
            "members": [
              "serviceAccount:orchestra-cloud-run-dev@agi-baby-cherry.iam.gserviceaccount.com",
              "serviceAccount:orchestra-secret-accessor-dev@agi-baby-cherry.iam.gserviceaccount.com"
            ],
            "project": "agi-baby-cherry",
            "role": "roles/secretmanager.secretAccessor",
            "secret_id": "projects/agi-baby-cherry/secrets/portkey-api-key-dev"
          },
          "sensitive_attributes": [],
          "private": "bnVsbA==",
          "dependencies": [
            "google_project_service.required_apis",
            "google_secret_manager_secret.tools_api_keys",
            "google_service_account.cloud_run_identity",
            "google_service_account.secret_accessor"
          ]
        },
        {
          "index_key": "sourcegraph-access-token",
          "schema_version": 0,
          "attributes": {
            "condition": [],
            "etag": "BwYzwKYTNeo=",
            "id": "projects/agi-baby-cherry/secrets/sourcegraph-access-token-dev/roles/secretmanager.secretAccessor",
            "members": [
              "serviceAccount:orchestra-cloud-run-dev@agi-baby-cherry.iam.gserviceaccount.com",
              "serviceAccount:orchestra-secret-accessor-dev@agi-baby-cherry.iam.gserviceaccount.com"
            ],
            "project": "agi-baby-cherry",
            "role": "roles/secretmanager.secretAccessor",
            "secret_id": "projects/agi-baby-cherry/secrets/sourcegraph-access-token-dev"
          },
          "sensitive_attributes": [],
          "private": "bnVsbA==",
          "dependencies": [
            "google_project_service.required_apis",
            "google_secret_manager_secret.tools_api_keys",
            "google_service_account.cloud_run_identity",
            "google_service_account.secret_accessor"
          ]
        },
        {
          "index_key": "tavily-api-key",
          "schema_version": 0,
          "attributes": {
            "condition": [],
            "etag": "BwYzwKYU3M4=",
            "id": "projects/agi-baby-cherry/secrets/tavily-api-key-dev/roles/secretmanager.secretAccessor",
            "members": [
              "serviceAccount:orchestra-cloud-run-dev@agi-baby-cherry.iam.gserviceaccount.com",
              "serviceAccount:orchestra-secret-accessor-dev@agi-baby-cherry.iam.gserviceaccount.com"
            ],
            "project": "agi-baby-cherry",
            "role": "roles/secretmanager.secretAccessor",
            "secret_id": "projects/agi-baby-cherry/secrets/tavily-api-key-dev"
          },
          "sensitive_attributes": [],
          "private": "bnVsbA==",
          "dependencies": [
            "google_project_service.required_apis",
            "google_secret_manager_secret.tools_api_keys",
            "google_service_account.cloud_run_identity",
            "google_service_account.secret_accessor"
          ]
        },
        {
          "index_key": "twingly-api-key",
          "schema_version": 0,
          "attributes": {
            "condition": [],
            "etag": "BwYzwKYTKTs=",
            "id": "projects/agi-baby-cherry/secrets/twingly-api-key-dev/roles/secretmanager.secretAccessor",
            "members": [
              "serviceAccount:orchestra-cloud-run-dev@agi-baby-cherry.iam.gserviceaccount.com",
              "serviceAccount:orchestra-secret-accessor-dev@agi-baby-cherry.iam.gserviceaccount.com"
            ],
            "project": "agi-baby-cherry",
            "role": "roles/secretmanager.secretAccessor",
            "secret_id": "projects/agi-baby-cherry/secrets/twingly-api-key-dev"
          },
          "sensitive_attributes": [],
          "private": "bnVsbA==",
          "dependencies": [
            "google_project_service.required_apis",
            "google_secret_manager_secret.tools_api_keys",
            "google_service_account.cloud_run_identity",
            "google_service_account.secret_accessor"
          ]
        },
        {
          "index_key": "zenrows-api-key",
          "schema_version": 0,
          "attributes": {
            "condition": [],
            "etag": "BwYzwKXXsKc=",
            "id": "projects/agi-baby-cherry/secrets/zenrows-api-key-dev/roles/secretmanager.secretAccessor",
            "members": [
              "serviceAccount:orchestra-cloud-run-dev@agi-baby-cherry.iam.gserviceaccount.com",
              "serviceAccount:orchestra-secret-accessor-dev@agi-baby-cherry.iam.gserviceaccount.com"
            ],
            "project": "agi-baby-cherry",
            "role": "roles/secretmanager.secretAccessor",
            "secret_id": "projects/agi-baby-cherry/secrets/zenrows-api-key-dev"
          },
          "sensitive_attributes": [],
          "private": "bnVsbA==",
          "dependencies": [
            "google_project_service.required_apis",
            "google_secret_manager_secret.tools_api_keys",
            "google_service_account.cloud_run_identity",
            "google_service_account.secret_accessor"
          ]
        }
      ]
    },
    {
      "mode": "managed",
      "type": "google_secret_manager_secret_iam_member",
      "name": "postgres_secret_access",
      "provider": "provider[\"registry.terraform.io/hashicorp/google\"]",
      "instances": [
        {
          "schema_version": 0,
          "attributes": {
            "condition": [],
            "etag": "BwYzwKXOhQ0=",
            "id": "projects/agi-baby-cherry/secrets/postgres-password-dev/roles/secretmanager.secretAccessor/serviceAccount:orchestra-cloud-run-dev@agi-baby-cherry.iam.gserviceaccount.com",
            "member": "serviceAccount:orchestra-cloud-run-dev@agi-baby-cherry.iam.gserviceaccount.com",
            "project": "agi-baby-cherry",
            "role": "roles/secretmanager.secretAccessor",
            "secret_id": "projects/agi-baby-cherry/secrets/postgres-password-dev"
          },
          "sensitive_attributes": [],
          "private": "bnVsbA==",
          "dependencies": [
            "google_project_service.required_apis",
            "google_secret_manager_secret.postgres_password",
            "google_service_account.cloud_run_identity"
          ]
        }
      ]
    },
    {
      "mode": "managed",
      "type": "google_secret_manager_secret_iam_member",
      "name": "redis_secret_access",
      "provider": "provider[\"registry.terraform.io/hashicorp/google\"]",
      "instances": [
        {
          "schema_version": 0,
          "attributes": {
            "condition": [],
            "etag": "BwYzwZA1PK4=",
            "id": "projects/agi-baby-cherry/secrets/redis-auth-dev/roles/secretmanager.secretAccessor/serviceAccount:orchestra-cloud-run-dev@agi-baby-cherry.iam.gserviceaccount.com",
            "member": "serviceAccount:orchestra-cloud-run-dev@agi-baby-cherry.iam.gserviceaccount.com",
            "project": "agi-baby-cherry",
            "role": "roles/secretmanager.secretAccessor",
            "secret_id": "projects/agi-baby-cherry/secrets/redis-auth-dev"
          },
          "sensitive_attributes": [],
          "private": "bnVsbA==",
          "dependencies": [
            "google_project_service.required_apis",
            "google_secret_manager_secret.redis_auth",
            "google_service_account.cloud_run_identity"
          ]
        }
      ]
    },
    {
      "mode": "managed",
      "type": "google_secret_manager_secret_version",
      "name": "postgres_password_value",
      "provider": "provider[\"registry.terraform.io/hashicorp/google\"]",
      "instances": [
        {
          "schema_version": 0,
          "attributes": {
            "create_time": "2025-04-27T11:12:48.218090Z",
            "deletion_policy": "DELETE",
            "destroy_time": "",
            "enabled": true,
            "id": "projects/104944497835/secrets/postgres-password-dev/versions/1",
            "is_secret_data_base64": false,
            "name": "projects/104944497835/secrets/postgres-password-dev/versions/1",
            "secret": "projects/agi-baby-cherry/secrets/postgres-password-dev",
            "secret_data": "$gdFqb5H=O8o2P#9",
            "secret_data_wo": null,
            "secret_data_wo_version": 0,
            "timeouts": null,
            "version": "1"
          },
          "sensitive_attributes": [
            [
              {
                "type": "get_attr",
                "value": "secret_data"
              }
            ]
          ],
          "private": "eyJlMmJmYjczMC1lY2FhLTExZTYtOGY4OC0zNDM2M2JjN2M0YzAiOnsiY3JlYXRlIjoxMjAwMDAwMDAwMDAwLCJkZWxldGUiOjEyMDAwMDAwMDAwMDAsInVwZGF0ZSI6MTIwMDAwMDAwMDAwMH19",
          "dependencies": [
            "google_project_service.required_apis",
            "google_secret_manager_secret.postgres_password",
            "random_password.postgres_password"
          ]
        }
      ]
    },
    {
      "mode": "managed",
      "type": "google_secret_manager_secret_version",
      "name": "redis_auth_value",
      "provider": "provider[\"registry.terraform.io/hashicorp/google\"]",
      "instances": [
        {
          "schema_version": 0,
          "attributes": {
            "create_time": "2025-04-27T11:12:48.058484Z",
            "deletion_policy": "DELETE",
            "destroy_time": "",
            "enabled": true,
            "id": "projects/104944497835/secrets/redis-auth-dev/versions/1",
            "is_secret_data_base64": false,
            "name": "projects/104944497835/secrets/redis-auth-dev/versions/1",
            "secret": "projects/agi-baby-cherry/secrets/redis-auth-dev",
            "secret_data": "\u003c2jF1dY9OT\u0026K2?uD",
            "secret_data_wo": null,
            "secret_data_wo_version": 0,
            "timeouts": null,
            "version": "1"
          },
          "sensitive_attributes": [
            [
              {
                "type": "get_attr",
                "value": "secret_data"
              }
            ]
          ],
          "private": "eyJlMmJmYjczMC1lY2FhLTExZTYtOGY4OC0zNDM2M2JjN2M0YzAiOnsiY3JlYXRlIjoxMjAwMDAwMDAwMDAwLCJkZWxldGUiOjEyMDAwMDAwMDAwMDAsInVwZGF0ZSI6MTIwMDAwMDAwMDAwMH19",
          "dependencies": [
            "google_project_service.required_apis",
            "google_secret_manager_secret.redis_auth",
            "random_password.redis_password"
          ]
        }
      ]
    },
    {
      "mode": "managed",
      "type": "google_service_account",
      "name": "cloud_run_identity",
      "provider": "provider[\"registry.terraform.io/hashicorp/google\"]",
      "instances": [
        {
          "schema_version": 0,
          "attributes": {
            "account_id": "orchestra-cloud-run-dev",
            "create_ignore_already_exists": null,
            "description": "Service account for Orchestra Cloud Run services to access Cloud SQL",
            "disabled": false,
            "display_name": "Orchestra Cloud Run Service Account",
            "email": "orchestra-cloud-run-dev@agi-baby-cherry.iam.gserviceaccount.com",
            "id": "projects/agi-baby-cherry/serviceAccounts/orchestra-cloud-run-dev@agi-baby-cherry.iam.gserviceaccount.com",
            "member": "serviceAccount:orchestra-cloud-run-dev@agi-baby-cherry.iam.gserviceaccount.com",
            "name": "projects/agi-baby-cherry/serviceAccounts/orchestra-cloud-run-dev@agi-baby-cherry.iam.gserviceaccount.com",
            "project": "agi-baby-cherry",
            "timeouts": null,
            "unique_id": "112685511879573614185"
          },
          "sensitive_attributes": [],
          "private": "eyJlMmJmYjczMC1lY2FhLTExZTYtOGY4OC0zNDM2M2JjN2M0YzAiOnsiY3JlYXRlIjozMDAwMDAwMDAwMDB9fQ=="
        }
      ]
    },
    {
      "mode": "managed",
      "type": "google_service_account",
      "name": "secret_accessor",
      "provider": "provider[\"registry.terraform.io/hashicorp/google\"]",
      "instances": [
        {
          "schema_version": 0,
          "attributes": {
            "account_id": "orchestra-secret-accessor-dev",
            "create_ignore_already_exists": null,
            "description": "Service account for accessing sensitive configuration in Secret Manager",
            "disabled": false,
            "display_name": "Orchestra Secret Accessor",
            "email": "orchestra-secret-accessor-dev@agi-baby-cherry.iam.gserviceaccount.com",
            "id": "projects/agi-baby-cherry/serviceAccounts/orchestra-secret-accessor-dev@agi-baby-cherry.iam.gserviceaccount.com",
            "member": "serviceAccount:orchestra-secret-accessor-dev@agi-baby-cherry.iam.gserviceaccount.com",
            "name": "projects/agi-baby-cherry/serviceAccounts/orchestra-secret-accessor-dev@agi-baby-cherry.iam.gserviceaccount.com",
            "project": "agi-baby-cherry",
            "timeouts": null,
            "unique_id": "103135483750898059569"
          },
          "sensitive_attributes": [],
          "private": "eyJlMmJmYjczMC1lY2FhLTExZTYtOGY4OC0zNDM2M2JjN2M0YzAiOnsiY3JlYXRlIjozMDAwMDAwMDAwMDB9fQ=="
        }
      ]
    },
    {
      "mode": "managed",
      "type": "google_sql_database",
      "name": "phidata_memory",
      "provider": "provider[\"registry.terraform.io/hashicorp/google\"]",
      "instances": [
        {
          "schema_version": 0,
          "attributes": {
            "charset": "UTF8",
            "collation": "en_US.UTF8",
            "deletion_policy": "DELETE",
            "id": "projects/agi-baby-cherry/instances/phidata-postgres-dev/databases/phidata_memory",
            "instance": "phidata-postgres-dev",
            "name": "phidata_memory",
            "project": "agi-baby-cherry",
            "self_link": "https://sqladmin.googleapis.com/sql/v1beta4/projects/agi-baby-cherry/instances/phidata-postgres-dev/databases/phidata_memory",
            "timeouts": null
          },
          "sensitive_attributes": [],
          "private": "eyJlMmJmYjczMC1lY2FhLTExZTYtOGY4OC0zNDM2M2JjN2M0YzAiOnsiY3JlYXRlIjoxMjAwMDAwMDAwMDAwLCJkZWxldGUiOjEyMDAwMDAwMDAwMDAsInVwZGF0ZSI6MTIwMDAwMDAwMDAwMH19",
          "dependencies": [
            "google_project_service.required_apis",
            "google_sql_database_instance.phidata_postgres"
          ]
        }
      ]
    },
    {
      "mode": "managed",
      "type": "google_sql_database_instance",
      "name": "phidata_postgres",
      "provider": "provider[\"registry.terraform.io/hashicorp/google\"]",
      "instances": [
        {
          "schema_version": 0,
          "attributes": {
            "available_maintenance_versions": [],
            "clone": [],
            "connection_name": "agi-baby-cherry:us-central1:phidata-postgres-dev",
            "database_version": "POSTGRES_14",
            "deletion_protection": false,
            "dns_name": "",
            "encryption_key_name": null,
            "first_ip_address": "34.172.224.190",
            "id": "phidata-postgres-dev",
            "instance_type": "CLOUD_SQL_INSTANCE",
            "ip_address": [
              {
                "ip_address": "34.172.224.190",
                "time_to_retire": "",
                "type": "PRIMARY"
              },
              {
                "ip_address": "34.121.167.37",
                "time_to_retire": "",
                "type": "OUTGOING"
              }
            ],
            "maintenance_version": "POSTGRES_14_17.R20250302.00_07",
            "master_instance_name": "",
            "name": "phidata-postgres-dev",
            "private_ip_address": "",
            "project": "agi-baby-cherry",
            "psc_service_attachment_link": "",
            "public_ip_address": "34.172.224.190",
            "region": "us-central1",
            "replica_configuration": [],
            "replica_names": [],
            "replication_cluster": [
              {
                "dr_replica": false,
                "failover_dr_replica_name": ""
              }
            ],
            "restore_backup_context": [],
            "root_password": null,
            "self_link": "https://sqladmin.googleapis.com/sql/v1beta4/projects/agi-baby-cherry/instances/phidata-postgres-dev",
            "server_ca_cert": [
              {
                "cert": "-----BEGIN CERTIFICATE-----\nMIIDfzCCAmegAwIBAgIBADANBgkqhkiG9w0BAQsFADB3MS0wKwYDVQQuEyRhODY2\nNTYxMi1iNzUwLTQ5NTUtYTM3YS04MDdkOWNiYzc5YzAxIzAhBgNVBAMTGkdvb2ds\nZSBDbG91ZCBTUUwgU2VydmVyIENBMRQwEgYDVQQKEwtHb29nbGUsIEluYzELMAkG\nA1UEBhMCVVMwHhcNMjUwNDI3MTEyOTM1WhcNMzUwNDI1MTEzMDM1WjB3MS0wKwYD\nVQQuEyRhODY2NTYxMi1iNzUwLTQ5NTUtYTM3YS04MDdkOWNiYzc5YzAxIzAhBgNV\nBAMTGkdvb2dsZSBDbG91ZCBTUUwgU2VydmVyIENBMRQwEgYDVQQKEwtHb29nbGUs\nIEluYzELMAkGA1UEBhMCVVMwggEiMA0GCSqGSIb3DQEBAQUAA4IBDwAwggEKAoIB\nAQDUwU95wMdfeOM6yD4jcOpFenY008UY07xla6LVprSSfVwHDirm8C+rLDsCq8ns\nJZeWaLYMD+IT9OHU8spVc2QSqCezTyaXAH8mdVbtw0fyton+wSTAqnXC5i9qNwiG\n6FS019Zt/1jJZYRBFeR95Dvrj8RYkZEDaQsffc+bCfxzbfY/wBVS7Kmi9dLvl+eA\n3b+66TiSdXqe7Ec7UPFlNLunfqndeYErLpG2DezjbtF5TCxU3uIeajhvdidWbJBv\nD8XRIqMNJG70pHFbx4nNOHqY6202KaHBXQdrSvEXN3uxddaTPLUD6LWAMfCiazG7\noSnbRN39H+4hV3kETW0H3eYpAgMBAAGjFjAUMBIGA1UdEwEB/wQIMAYBAf8CAQAw\nDQYJKoZIhvcNAQELBQADggEBAKGLrdQkXjH/M7PkAfj72BxswET8FaiHADSD9VKC\n0XEA4ROmKQfPbhsh7baKZI8888JSvLO+cRNzEx9CtUfPAQiV/GnpcpWliwT0fauB\n36NdstWcNopLYbTGzlt9kY/4KoeiIMSmpKZTbl3uheIpm/YRT6Iu8F9/ucY/dqQV\n8tbGpT8BxIO06L6OxFHTzBF0x6L1ozbYVjQzpfHzGlG5aKHwC5Kp45yjroFDmYeY\n9qY6nG5QuW3C1KGlDTvl5CWDI//AA+vjBsZLNyn1muJDDFt32pRtmW1Cv1IY5jC3\nPY1v1yqpD4JS+zAklwnj7aBspXegUCtMtVUZOtk0fcKJqUs=\n-----END CERTIFICATE-----",
                "common_name": "C=US,O=Google\\, Inc,CN=Google Cloud SQL Server CA,dnQualifier=a8665612-b750-4955-a37a-807d9cbc79c0",
                "create_time": "2025-04-27T11:29:35.581Z",
                "expiration_time": "2035-04-25T11:30:35.581Z",
                "sha1_fingerprint": "f0cbb278d9a0b9aea3a1c3c6a2ecc051f2463e39"
              }
            ],
            "service_account_email_address": "p104944497835-3esreo@gcp-sa-cloud-sql.iam.gserviceaccount.com",
            "settings": [
              {
                "activation_policy": "ALWAYS",
                "active_directory_config": [],
                "advanced_machine_features": [],
                "availability_type": "ZONAL",
                "backup_configuration": [
                  {
                    "backup_retention_settings": [
                      {
                        "retained_backups": 7,
                        "retention_unit": "COUNT"
                      }
                    ],
                    "binary_log_enabled": false,
                    "enabled": true,
                    "location": "",
                    "point_in_time_recovery_enabled": true,
                    "start_time": "02:00",
                    "transaction_log_retention_days": 7
                  }
                ],
                "collation": "",
                "connector_enforcement": "NOT_REQUIRED",
                "data_cache_config": [
                  {
                    "data_cache_enabled": false
                  }
                ],
                "database_flags": [],
                "deletion_protection_enabled": false,
                "deny_maintenance_period": [],
                "disk_autoresize": true,
                "disk_autoresize_limit": 0,
                "disk_size": 10,
                "disk_type": "PD_SSD",
                "edition": "ENTERPRISE",
                "enable_dataplex_integration": false,
                "enable_google_ml_integration": false,
                "insights_config": [
                  {
                    "query_insights_enabled": true,
                    "query_plans_per_minute": 0,
                    "query_string_length": 1024,
                    "record_application_tags": true,
                    "record_client_address": true
                  }
                ],
                "ip_configuration": [
                  {
                    "allocated_ip_range": "",
                    "authorized_networks": [],
                    "custom_subject_alternative_names": [],
                    "enable_private_path_for_google_cloud_services": false,
                    "ipv4_enabled": true,
                    "private_network": "",
                    "psc_config": [],
                    "server_ca_mode": "GOOGLE_MANAGED_INTERNAL_CA",
                    "server_ca_pool": "",
                    "ssl_mode": "ALLOW_UNENCRYPTED_AND_ENCRYPTED"
                  }
                ],
                "location_preference": [
                  {
                    "follow_gae_application": "",
                    "secondary_zone": "",
                    "zone": "us-central1-c"
                  }
                ],
                "maintenance_window": [],
                "password_validation_policy": [],
                "pricing_plan": "PER_USE",
                "retain_backups_on_delete": false,
                "sql_server_audit_config": [],
                "tier": "db-g1-small",
                "time_zone": "",
                "user_labels": {},
                "version": 1
              }
            ],
            "timeouts": null
          },
          "sensitive_attributes": [],
          "private": "eyJlMmJmYjczMC1lY2FhLTExZTYtOGY4OC0zNDM2M2JjN2M0YzAiOnsiY3JlYXRlIjo1NDAwMDAwMDAwMDAwLCJkZWxldGUiOjU0MDAwMDAwMDAwMDAsInVwZGF0ZSI6NTQwMDAwMDAwMDAwMH19",
          "dependencies": [
            "google_project_service.required_apis"
          ]
        }
      ]
    },
    {
      "mode": "managed",
      "type": "google_sql_user",
      "name": "phidata_user",
      "provider": "provider[\"registry.terraform.io/hashicorp/google\"]",
      "instances": [
        {
          "schema_version": 1,
          "attributes": {
            "deletion_policy": null,
            "host": "",
            "id": "phidata_user//phidata-postgres-dev",
            "instance": "phidata-postgres-dev",
            "name": "phidata_user",
            "password": "$gdFqb5H=O8o2P#9",
            "password_policy": [],
            "password_wo": null,
            "password_wo_version": null,
            "project": "agi-baby-cherry",
            "sql_server_user_details": [],
            "timeouts": null,
            "type": ""
          },
          "sensitive_attributes": [
            [
              {
                "type": "get_attr",
                "value": "password"
              }
            ]
          ],
          "private": "eyJlMmJmYjczMC1lY2FhLTExZTYtOGY4OC0zNDM2M2JjN2M0YzAiOnsiY3JlYXRlIjo2MDAwMDAwMDAwMDAsImRlbGV0ZSI6NjAwMDAwMDAwMDAwLCJ1cGRhdGUiOjYwMDAwMDAwMDAwMH0sInNjaGVtYV92ZXJzaW9uIjoiMSJ9",
          "dependencies": [
            "google_project_service.required_apis",
            "google_sql_database_instance.phidata_postgres",
            "random_password.postgres_password"
          ]
        }
      ]
    },
    {
      "mode": "managed",
      "type": "google_vpc_access_connector",
      "name": "orchestra_connector",
      "provider": "provider[\"registry.terraform.io/hashicorp/google\"]",
      "instances": [
        {
          "schema_version": 0,
          "attributes": {
            "connected_projects": [],
            "id": "projects/agi-baby-cherry/locations/us-central1/connectors/orchestrator-vpc-dev",
            "ip_cidr_range": "10.8.0.0/28",
            "machine_type": "e2-micro",
            "max_instances": 3,
            "max_throughput": 300,
            "min_instances": 2,
            "min_throughput": 200,
            "name": "orchestrator-vpc-dev",
            "network": "default",
            "project": "agi-baby-cherry",
            "region": "us-central1",
            "self_link": "projects/agi-baby-cherry/locations/us-central1/connectors/orchestrator-vpc-dev",
            "state": "ERROR",
            "subnet": [],
            "timeouts": null
          },
          "sensitive_attributes": [],
          "private": "eyJlMmJmYjczMC1lY2FhLTExZTYtOGY4OC0zNDM2M2JjN2M0YzAiOnsiY3JlYXRlIjoxMjAwMDAwMDAwMDAwLCJkZWxldGUiOjEyMDAwMDAwMDAwMDB9LCJzY2hlbWFfdmVyc2lvbiI6IjAifQ=="
        }
      ]
    },
    {
      "mode": "managed",
      "type": "null_resource",
      "name": "enable_pgvector",
      "provider": "provider[\"registry.terraform.io/hashicorp/null\"]",
      "instances": [
        {
          "schema_version": 0,
          "attributes": {
            "id": "7175655888903433667",
            "triggers": null
          },
          "sensitive_attributes": [],
          "dependencies": [
            "google_project_service.required_apis",
            "google_sql_database.phidata_memory",
            "google_sql_database_instance.phidata_postgres",
            "google_sql_user.phidata_user",
            "random_password.postgres_password"
          ]
        }
      ]
    },
    {
      "mode": "managed",
      "type": "random_password",
      "name": "postgres_password",
      "provider": "provider[\"registry.terraform.io/hashicorp/random\"]",
      "instances": [
        {
          "schema_version": 3,
          "attributes": {
            "bcrypt_hash": "$2a$10$/Bnjz2NNyCPXUASSWEtHqO9UYKARztVsrT2BpOJbmrzb74dYCtmbO",
            "id": "none",
            "keepers": null,
            "length": 16,
            "lower": true,
            "min_lower": 0,
            "min_numeric": 0,
            "min_special": 0,
            "min_upper": 0,
            "number": true,
            "numeric": true,
            "override_special": "!#$%\u0026*()-_=+[]{}\u003c\u003e:?",
            "result": "$gdFqb5H=O8o2P#9",
            "special": true,
            "upper": true
          },
          "sensitive_attributes": []
        }
      ]
    },
    {
      "mode": "managed",
      "type": "random_password",
      "name": "redis_password",
      "provider": "provider[\"registry.terraform.io/hashicorp/random\"]",
      "instances": [
        {
          "schema_version": 3,
          "attributes": {
            "bcrypt_hash": "$2a$10$aBv8wMJCUOVM2YLeTGFgm.k1kV8jIGP17GBLQt/.VlG1bBPi1sGM.",
            "id": "none",
            "keepers": null,
            "length": 16,
            "lower": true,
            "min_lower": 0,
            "min_numeric": 0,
            "min_special": 0,
            "min_upper": 0,
            "number": true,
            "numeric": true,
            "override_special": null,
            "result": "\u003c2jF1dY9OT\u0026K2?uD",
            "special": true,
            "upper": true
          },
          "sensitive_attributes": []
        }
      ]
    }
  ],
  "check_results": null
}
